// !$*UTF8*$!
{
	archiveVersion = 1;
	classes = {
	};
	objectVersion = 46;
	objects = {

/* Begin PBXBuildFile section */
		051A630D1E263BFC008FD83A /* ARVC.swift in Sources */ = {isa = PBXBuildFile; fileRef = 051A630C1E263BFC008FD83A /* ARVC.swift */; };
		052A87571E22665900A3B88F /* AppDelegate.swift in Sources */ = {isa = PBXBuildFile; fileRef = 052A87561E22665900A3B88F /* AppDelegate.swift */; };
		052A875E1E22665A00A3B88F /* Main.storyboard in Resources */ = {isa = PBXBuildFile; fileRef = 052A875C1E22665A00A3B88F /* Main.storyboard */; };
		052A87631E22665A00A3B88F /* LaunchScreen.storyboard in Resources */ = {isa = PBXBuildFile; fileRef = 052A87611E22665A00A3B88F /* LaunchScreen.storyboard */; };
		052A876E1E22665A00A3B88F /* MonumentFinderTests.swift in Sources */ = {isa = PBXBuildFile; fileRef = 052A876D1E22665A00A3B88F /* MonumentFinderTests.swift */; };
		052A87791E22665A00A3B88F /* MonumentFinderUITests.swift in Sources */ = {isa = PBXBuildFile; fileRef = 052A87781E22665A00A3B88F /* MonumentFinderUITests.swift */; };
		052A878A1E22AE2300A3B88F /* Assets.xcassets in Resources */ = {isa = PBXBuildFile; fileRef = 052A87891E22AE2300A3B88F /* Assets.xcassets */; };
		052EF38A1EE4BF4600D709CB /* Alamofire.framework in Frameworks */ = {isa = PBXBuildFile; fileRef = 052EF3881EE4BF4600D709CB /* Alamofire.framework */; };
		052EF38B1EE4BF4600D709CB /* Alamofire.framework in Embed Frameworks */ = {isa = PBXBuildFile; fileRef = 052EF3881EE4BF4600D709CB /* Alamofire.framework */; settings = {ATTRIBUTES = (CodeSignOnCopy, RemoveHeadersOnCopy, ); }; };
		052EF38C1EE4BF4600D709CB /* AlamofireImage.framework in Frameworks */ = {isa = PBXBuildFile; fileRef = 052EF3891EE4BF4600D709CB /* AlamofireImage.framework */; };
		052EF38D1EE4BF4600D709CB /* AlamofireImage.framework in Embed Frameworks */ = {isa = PBXBuildFile; fileRef = 052EF3891EE4BF4600D709CB /* AlamofireImage.framework */; settings = {ATTRIBUTES = (CodeSignOnCopy, RemoveHeadersOnCopy, ); }; };
		053086D21EE48B3400292A68 /* db.sqlite in Resources */ = {isa = PBXBuildFile; fileRef = 053086D11EE48B3400292A68 /* db.sqlite */; };
		054675261E28E14400BB370B /* FiltriTableVC.swift in Sources */ = {isa = PBXBuildFile; fileRef = 054675251E28E14400BB370B /* FiltriTableVC.swift */; };
		054675291E28E1B200BB370B /* CSV.framework in Frameworks */ = {isa = PBXBuildFile; fileRef = 054675271E28E1AC00BB370B /* CSV.framework */; };
		0546752A1E28E1B200BB370B /* CSV.framework in Embed Frameworks */ = {isa = PBXBuildFile; fileRef = 054675271E28E1AC00BB370B /* CSV.framework */; settings = {ATTRIBUTES = (CodeSignOnCopy, RemoveHeadersOnCopy, ); }; };
		0546752C1E28E1FE00BB370B /* MonumentTags.csv in Resources */ = {isa = PBXBuildFile; fileRef = 0546752B1E28E1FE00BB370B /* MonumentTags.csv */; };
		054741991ECA0B260029BE7B /* AnnotationsDetailsVC.swift in Sources */ = {isa = PBXBuildFile; fileRef = 054741981ECA0B260029BE7B /* AnnotationsDetailsVC.swift */; };
		0553C3B11E3E220B00EB081F /* Mapbox.framework in Frameworks */ = {isa = PBXBuildFile; fileRef = 0553C3B01E3E220B00EB081F /* Mapbox.framework */; };
		0553C3B31E3E22BC00EB081F /* Mapbox.framework in Embed Frameworks */ = {isa = PBXBuildFile; fileRef = 0553C3B01E3E220B00EB081F /* Mapbox.framework */; settings = {ATTRIBUTES = (CodeSignOnCopy, RemoveHeadersOnCopy, ); }; };
		0553C3B51E3E25C900EB081F /* MapVC.swift in Sources */ = {isa = PBXBuildFile; fileRef = 0553C3B41E3E25C900EB081F /* MapVC.swift */; };
		055B5FA81E3E6A9200CF153D /* Global.swift in Sources */ = {isa = PBXBuildFile; fileRef = 055B5FA71E3E6A9200CF153D /* Global.swift */; };
		056F49871E268AE600991FDF /* BubbleView.swift in Sources */ = {isa = PBXBuildFile; fileRef = 056F49861E268AE600991FDF /* BubbleView.swift */; };
		056F498A1E269A4B00991FDF /* CustomSlider.swift in Sources */ = {isa = PBXBuildFile; fileRef = 056F49891E269A4B00991FDF /* CustomSlider.swift */; };
		05E4F1101EBDA9C900D6EF6C /* ARAnnotation.swift in Sources */ = {isa = PBXBuildFile; fileRef = 05E4F1001EBDA9C900D6EF6C /* ARAnnotation.swift */; };
		05E4F1111EBDA9C900D6EF6C /* ARAnnotationView.swift in Sources */ = {isa = PBXBuildFile; fileRef = 05E4F1011EBDA9C900D6EF6C /* ARAnnotationView.swift */; };
		05E4F1121EBDA9C900D6EF6C /* ARConfiguration.swift in Sources */ = {isa = PBXBuildFile; fileRef = 05E4F1021EBDA9C900D6EF6C /* ARConfiguration.swift */; };
		05E4F1131EBDA9C900D6EF6C /* ARPresenter+Stacking.swift in Sources */ = {isa = PBXBuildFile; fileRef = 05E4F1031EBDA9C900D6EF6C /* ARPresenter+Stacking.swift */; };
		05E4F1141EBDA9C900D6EF6C /* ARPresenter.swift in Sources */ = {isa = PBXBuildFile; fileRef = 05E4F1041EBDA9C900D6EF6C /* ARPresenter.swift */; };
		05E4F1151EBDA9C900D6EF6C /* ARTrackingManager.swift in Sources */ = {isa = PBXBuildFile; fileRef = 05E4F1051EBDA9C900D6EF6C /* ARTrackingManager.swift */; };
		05E4F1161EBDA9C900D6EF6C /* ARViewController.swift in Sources */ = {isa = PBXBuildFile; fileRef = 05E4F1061EBDA9C900D6EF6C /* ARViewController.swift */; };
		05E4F1171EBDA9C900D6EF6C /* DebugMapViewController.swift in Sources */ = {isa = PBXBuildFile; fileRef = 05E4F1081EBDA9C900D6EF6C /* DebugMapViewController.swift */; };
		05E4F1181EBDA9C900D6EF6C /* CameraView.swift in Sources */ = {isa = PBXBuildFile; fileRef = 05E4F10A1EBDA9C900D6EF6C /* CameraView.swift */; };
		05E4F1191EBDA9C900D6EF6C /* DebugMapViewController.xib in Resources */ = {isa = PBXBuildFile; fileRef = 05E4F10C1EBDA9C900D6EF6C /* DebugMapViewController.xib */; };
		05E4F11A1EBDA9C900D6EF6C /* hdar_close.png in Resources */ = {isa = PBXBuildFile; fileRef = 05E4F10D1EBDA9C900D6EF6C /* hdar_close.png */; };
		05E4F11B1EBDA9C900D6EF6C /* hdar_close@2x.png in Resources */ = {isa = PBXBuildFile; fileRef = 05E4F10E1EBDA9C900D6EF6C /* hdar_close@2x.png */; };
		05E4F11C1EBDA9C900D6EF6C /* hdar_close@3x.png in Resources */ = {isa = PBXBuildFile; fileRef = 05E4F10F1EBDA9C900D6EF6C /* hdar_close@3x.png */; };
		05E4F1221EBDC4A700D6EF6C /* SQLite.framework in Frameworks */ = {isa = PBXBuildFile; fileRef = 05E4F1211EBDC4A700D6EF6C /* SQLite.framework */; };
		05E4F1231EBDC4A700D6EF6C /* SQLite.framework in Embed Frameworks */ = {isa = PBXBuildFile; fileRef = 05E4F1211EBDC4A700D6EF6C /* SQLite.framework */; settings = {ATTRIBUTES = (CodeSignOnCopy, RemoveHeadersOnCopy, ); }; };
		05E4F1251EBDC51500D6EF6C /* Monumenti.swift in Sources */ = {isa = PBXBuildFile; fileRef = 05E4F1241EBDC51500D6EF6C /* Monumenti.swift */; };
		05E4F1281EBE2AEA00D6EF6C /* FiltriVC.swift in Sources */ = {isa = PBXBuildFile; fileRef = 05E4F1271EBE2AEA00D6EF6C /* FiltriVC.swift */; };
		05E4F12A1EBE327500D6EF6C /* SegueTransitions.swift in Sources */ = {isa = PBXBuildFile; fileRef = 05E4F1291EBE327500D6EF6C /* SegueTransitions.swift */; };
		05E4F12C1EBE397E00D6EF6C /* SettingsVC.swift in Sources */ = {isa = PBXBuildFile; fileRef = 05E4F12B1EBE397E00D6EF6C /* SettingsVC.swift */; };
		05E4F12F1EBE3F8B00D6EF6C /* GradientView.swift in Sources */ = {isa = PBXBuildFile; fileRef = 05E4F12E1EBE3F8B00D6EF6C /* GradientView.swift */; };
		05E80AC21E2AB63A0000D7E9 /* SwiftyJSON.framework in Frameworks */ = {isa = PBXBuildFile; fileRef = 05F7D5401E2507DE0029A75F /* SwiftyJSON.framework */; };
		05F7D53C1E2503FE0029A75F /* DataCollection.swift in Sources */ = {isa = PBXBuildFile; fileRef = 05F7D53B1E2503FE0029A75F /* DataCollection.swift */; };
		05F7D5431E2507E40029A75F /* SwiftyJSON.framework in Embed Frameworks */ = {isa = PBXBuildFile; fileRef = 05F7D5401E2507DE0029A75F /* SwiftyJSON.framework */; settings = {ATTRIBUTES = (CodeSignOnCopy, RemoveHeadersOnCopy, ); }; };
		05FBE78B1EBF4C05007CA607 /* SelectCityVC.swift in Sources */ = {isa = PBXBuildFile; fileRef = 05FBE78A1EBF4C05007CA607 /* SelectCityVC.swift */; };
		05FBE78D1EBF7847007CA607 /* AnnotationView.swift in Sources */ = {isa = PBXBuildFile; fileRef = 05FBE78C1EBF7847007CA607 /* AnnotationView.swift */; };
/* End PBXBuildFile section */

/* Begin PBXContainerItemProxy section */
		052A876A1E22665A00A3B88F /* PBXContainerItemProxy */ = {
			isa = PBXContainerItemProxy;
			containerPortal = 052A874B1E22665900A3B88F /* Project object */;
			proxyType = 1;
			remoteGlobalIDString = 052A87521E22665900A3B88F;
			remoteInfo = MonumentFinder;
		};
		052A87751E22665A00A3B88F /* PBXContainerItemProxy */ = {
			isa = PBXContainerItemProxy;
			containerPortal = 052A874B1E22665900A3B88F /* Project object */;
			proxyType = 1;
			remoteGlobalIDString = 052A87521E22665900A3B88F;
			remoteInfo = MonumentFinder;
		};
/* End PBXContainerItemProxy section */

/* Begin PBXCopyFilesBuildPhase section */
		05F7D5441E2507E40029A75F /* Embed Frameworks */ = {
			isa = PBXCopyFilesBuildPhase;
			buildActionMask = 2147483647;
			dstPath = "";
			dstSubfolderSpec = 10;
			files = (
				05F7D5431E2507E40029A75F /* SwiftyJSON.framework in Embed Frameworks */,
				0546752A1E28E1B200BB370B /* CSV.framework in Embed Frameworks */,
				05E4F1231EBDC4A700D6EF6C /* SQLite.framework in Embed Frameworks */,
				052EF38D1EE4BF4600D709CB /* AlamofireImage.framework in Embed Frameworks */,
				052EF38B1EE4BF4600D709CB /* Alamofire.framework in Embed Frameworks */,
				0553C3B31E3E22BC00EB081F /* Mapbox.framework in Embed Frameworks */,
			);
			name = "Embed Frameworks";
			runOnlyForDeploymentPostprocessing = 0;
		};
/* End PBXCopyFilesBuildPhase section */

/* Begin PBXFileReference section */
		051A630C1E263BFC008FD83A /* ARVC.swift */ = {isa = PBXFileReference; fileEncoding = 4; lastKnownFileType = sourcecode.swift; path = ARVC.swift; sourceTree = "<group>"; };
		052A87531E22665900A3B88F /* MonumentFinder.app */ = {isa = PBXFileReference; explicitFileType = wrapper.application; includeInIndex = 0; path = MonumentFinder.app; sourceTree = BUILT_PRODUCTS_DIR; };
		052A87561E22665900A3B88F /* AppDelegate.swift */ = {isa = PBXFileReference; lastKnownFileType = sourcecode.swift; path = AppDelegate.swift; sourceTree = "<group>"; };
		052A875D1E22665A00A3B88F /* Base */ = {isa = PBXFileReference; lastKnownFileType = file.storyboard; name = Base; path = Base.lproj/Main.storyboard; sourceTree = "<group>"; };
		052A87621E22665A00A3B88F /* Base */ = {isa = PBXFileReference; lastKnownFileType = file.storyboard; name = Base; path = Base.lproj/LaunchScreen.storyboard; sourceTree = "<group>"; };
		052A87641E22665A00A3B88F /* Info.plist */ = {isa = PBXFileReference; lastKnownFileType = text.plist.xml; path = Info.plist; sourceTree = "<group>"; };
		052A87691E22665A00A3B88F /* MonumentFinderTests.xctest */ = {isa = PBXFileReference; explicitFileType = wrapper.cfbundle; includeInIndex = 0; path = MonumentFinderTests.xctest; sourceTree = BUILT_PRODUCTS_DIR; };
		052A876D1E22665A00A3B88F /* MonumentFinderTests.swift */ = {isa = PBXFileReference; lastKnownFileType = sourcecode.swift; path = MonumentFinderTests.swift; sourceTree = "<group>"; };
		052A876F1E22665A00A3B88F /* Info.plist */ = {isa = PBXFileReference; lastKnownFileType = text.plist.xml; path = Info.plist; sourceTree = "<group>"; };
		052A87741E22665A00A3B88F /* MonumentFinderUITests.xctest */ = {isa = PBXFileReference; explicitFileType = wrapper.cfbundle; includeInIndex = 0; path = MonumentFinderUITests.xctest; sourceTree = BUILT_PRODUCTS_DIR; };
		052A87781E22665A00A3B88F /* MonumentFinderUITests.swift */ = {isa = PBXFileReference; lastKnownFileType = sourcecode.swift; path = MonumentFinderUITests.swift; sourceTree = "<group>"; };
		052A877A1E22665A00A3B88F /* Info.plist */ = {isa = PBXFileReference; lastKnownFileType = text.plist.xml; path = Info.plist; sourceTree = "<group>"; };
		052A87891E22AE2300A3B88F /* Assets.xcassets */ = {isa = PBXFileReference; lastKnownFileType = folder.assetcatalog; path = Assets.xcassets; sourceTree = "<group>"; };
		052EF3881EE4BF4600D709CB /* Alamofire.framework */ = {isa = PBXFileReference; lastKnownFileType = wrapper.framework; name = Alamofire.framework; path = Carthage/Build/iOS/Alamofire.framework; sourceTree = "<group>"; };
		052EF3891EE4BF4600D709CB /* AlamofireImage.framework */ = {isa = PBXFileReference; lastKnownFileType = wrapper.framework; name = AlamofireImage.framework; path = Carthage/Build/iOS/AlamofireImage.framework; sourceTree = "<group>"; };
		053086D11EE48B3400292A68 /* db.sqlite */ = {isa = PBXFileReference; lastKnownFileType = file; path = db.sqlite; sourceTree = "<group>"; };
		054675251E28E14400BB370B /* FiltriTableVC.swift */ = {isa = PBXFileReference; fileEncoding = 4; lastKnownFileType = sourcecode.swift; path = FiltriTableVC.swift; sourceTree = "<group>"; };
		054675271E28E1AC00BB370B /* CSV.framework */ = {isa = PBXFileReference; lastKnownFileType = wrapper.framework; name = CSV.framework; path = Carthage/Build/iOS/CSV.framework; sourceTree = "<group>"; };
		0546752B1E28E1FE00BB370B /* MonumentTags.csv */ = {isa = PBXFileReference; fileEncoding = 4; lastKnownFileType = text; path = MonumentTags.csv; sourceTree = "<group>"; };
		054741981ECA0B260029BE7B /* AnnotationsDetailsVC.swift */ = {isa = PBXFileReference; fileEncoding = 4; lastKnownFileType = sourcecode.swift; path = AnnotationsDetailsVC.swift; sourceTree = "<group>"; };
		0553C3B01E3E220B00EB081F /* Mapbox.framework */ = {isa = PBXFileReference; lastKnownFileType = wrapper.framework; path = Mapbox.framework; sourceTree = "<group>"; };
		0553C3B41E3E25C900EB081F /* MapVC.swift */ = {isa = PBXFileReference; fileEncoding = 4; lastKnownFileType = sourcecode.swift; path = MapVC.swift; sourceTree = "<group>"; };
		055B5FA71E3E6A9200CF153D /* Global.swift */ = {isa = PBXFileReference; fileEncoding = 4; lastKnownFileType = sourcecode.swift; path = Global.swift; sourceTree = "<group>"; };
		056F49861E268AE600991FDF /* BubbleView.swift */ = {isa = PBXFileReference; fileEncoding = 4; lastKnownFileType = sourcecode.swift; path = BubbleView.swift; sourceTree = "<group>"; };
		056F49891E269A4B00991FDF /* CustomSlider.swift */ = {isa = PBXFileReference; fileEncoding = 4; lastKnownFileType = sourcecode.swift; path = CustomSlider.swift; sourceTree = "<group>"; };
		05E4F1001EBDA9C900D6EF6C /* ARAnnotation.swift */ = {isa = PBXFileReference; fileEncoding = 4; lastKnownFileType = sourcecode.swift; path = ARAnnotation.swift; sourceTree = "<group>"; };
		05E4F1011EBDA9C900D6EF6C /* ARAnnotationView.swift */ = {isa = PBXFileReference; fileEncoding = 4; lastKnownFileType = sourcecode.swift; path = ARAnnotationView.swift; sourceTree = "<group>"; };
		05E4F1021EBDA9C900D6EF6C /* ARConfiguration.swift */ = {isa = PBXFileReference; fileEncoding = 4; lastKnownFileType = sourcecode.swift; path = ARConfiguration.swift; sourceTree = "<group>"; };
		05E4F1031EBDA9C900D6EF6C /* ARPresenter+Stacking.swift */ = {isa = PBXFileReference; fileEncoding = 4; lastKnownFileType = sourcecode.swift; path = "ARPresenter+Stacking.swift"; sourceTree = "<group>"; };
		05E4F1041EBDA9C900D6EF6C /* ARPresenter.swift */ = {isa = PBXFileReference; fileEncoding = 4; lastKnownFileType = sourcecode.swift; path = ARPresenter.swift; sourceTree = "<group>"; };
		05E4F1051EBDA9C900D6EF6C /* ARTrackingManager.swift */ = {isa = PBXFileReference; fileEncoding = 4; lastKnownFileType = sourcecode.swift; path = ARTrackingManager.swift; sourceTree = "<group>"; };
		05E4F1061EBDA9C900D6EF6C /* ARViewController.swift */ = {isa = PBXFileReference; fileEncoding = 4; lastKnownFileType = sourcecode.swift; path = ARViewController.swift; sourceTree = "<group>"; };
		05E4F1081EBDA9C900D6EF6C /* DebugMapViewController.swift */ = {isa = PBXFileReference; fileEncoding = 4; lastKnownFileType = sourcecode.swift; path = DebugMapViewController.swift; sourceTree = "<group>"; };
		05E4F10A1EBDA9C900D6EF6C /* CameraView.swift */ = {isa = PBXFileReference; fileEncoding = 4; lastKnownFileType = sourcecode.swift; path = CameraView.swift; sourceTree = "<group>"; };
		05E4F10C1EBDA9C900D6EF6C /* DebugMapViewController.xib */ = {isa = PBXFileReference; fileEncoding = 4; lastKnownFileType = file.xib; path = DebugMapViewController.xib; sourceTree = "<group>"; };
		05E4F10D1EBDA9C900D6EF6C /* hdar_close.png */ = {isa = PBXFileReference; lastKnownFileType = image.png; path = hdar_close.png; sourceTree = "<group>"; };
		05E4F10E1EBDA9C900D6EF6C /* hdar_close@2x.png */ = {isa = PBXFileReference; lastKnownFileType = image.png; path = "hdar_close@2x.png"; sourceTree = "<group>"; };
		05E4F10F1EBDA9C900D6EF6C /* hdar_close@3x.png */ = {isa = PBXFileReference; lastKnownFileType = image.png; path = "hdar_close@3x.png"; sourceTree = "<group>"; };
		05E4F1211EBDC4A700D6EF6C /* SQLite.framework */ = {isa = PBXFileReference; lastKnownFileType = wrapper.framework; name = SQLite.framework; path = Carthage/Build/iOS/SQLite.framework; sourceTree = "<group>"; };
		05E4F1241EBDC51500D6EF6C /* Monumenti.swift */ = {isa = PBXFileReference; fileEncoding = 4; lastKnownFileType = sourcecode.swift; path = Monumenti.swift; sourceTree = "<group>"; };
		05E4F1271EBE2AEA00D6EF6C /* FiltriVC.swift */ = {isa = PBXFileReference; fileEncoding = 4; lastKnownFileType = sourcecode.swift; path = FiltriVC.swift; sourceTree = "<group>"; };
		05E4F1291EBE327500D6EF6C /* SegueTransitions.swift */ = {isa = PBXFileReference; fileEncoding = 4; lastKnownFileType = sourcecode.swift; path = SegueTransitions.swift; sourceTree = "<group>"; };
		05E4F12B1EBE397E00D6EF6C /* SettingsVC.swift */ = {isa = PBXFileReference; fileEncoding = 4; lastKnownFileType = sourcecode.swift; path = SettingsVC.swift; sourceTree = "<group>"; };
		05E4F12E1EBE3F8B00D6EF6C /* GradientView.swift */ = {isa = PBXFileReference; fileEncoding = 4; lastKnownFileType = sourcecode.swift; path = GradientView.swift; sourceTree = "<group>"; };
		05F7D53B1E2503FE0029A75F /* DataCollection.swift */ = {isa = PBXFileReference; fileEncoding = 4; lastKnownFileType = sourcecode.swift; path = DataCollection.swift; sourceTree = "<group>"; };
		05F7D5401E2507DE0029A75F /* SwiftyJSON.framework */ = {isa = PBXFileReference; lastKnownFileType = wrapper.framework; name = SwiftyJSON.framework; path = Carthage/Build/iOS/SwiftyJSON.framework; sourceTree = "<group>"; };
		05FBE78A1EBF4C05007CA607 /* SelectCityVC.swift */ = {isa = PBXFileReference; fileEncoding = 4; lastKnownFileType = sourcecode.swift; path = SelectCityVC.swift; sourceTree = "<group>"; };
		05FBE78C1EBF7847007CA607 /* AnnotationView.swift */ = {isa = PBXFileReference; fileEncoding = 4; lastKnownFileType = sourcecode.swift; path = AnnotationView.swift; sourceTree = "<group>"; };
/* End PBXFileReference section */

/* Begin PBXFrameworksBuildPhase section */
		052A87501E22665900A3B88F /* Frameworks */ = {
			isa = PBXFrameworksBuildPhase;
			buildActionMask = 2147483647;
			files = (
				05E4F1221EBDC4A700D6EF6C /* SQLite.framework in Frameworks */,
				054675291E28E1B200BB370B /* CSV.framework in Frameworks */,
				05E80AC21E2AB63A0000D7E9 /* SwiftyJSON.framework in Frameworks */,
				052EF38C1EE4BF4600D709CB /* AlamofireImage.framework in Frameworks */,
				052EF38A1EE4BF4600D709CB /* Alamofire.framework in Frameworks */,
				0553C3B11E3E220B00EB081F /* Mapbox.framework in Frameworks */,
			);
			runOnlyForDeploymentPostprocessing = 0;
		};
		052A87661E22665A00A3B88F /* Frameworks */ = {
			isa = PBXFrameworksBuildPhase;
			buildActionMask = 2147483647;
			files = (
			);
			runOnlyForDeploymentPostprocessing = 0;
		};
		052A87711E22665A00A3B88F /* Frameworks */ = {
			isa = PBXFrameworksBuildPhase;
			buildActionMask = 2147483647;
			files = (
			);
			runOnlyForDeploymentPostprocessing = 0;
		};
/* End PBXFrameworksBuildPhase section */

/* Begin PBXGroup section */
		052A874A1E22665900A3B88F = {
			isa = PBXGroup;
			children = (
				052A87551E22665900A3B88F /* MonumentFinder */,
				0546752D1E28E20900BB370B /* Suport Files */,
				052A876C1E22665A00A3B88F /* MonumentFinderTests */,
				052A87771E22665A00A3B88F /* MonumentFinderUITests */,
				052A87541E22665900A3B88F /* Products */,
				05F7D53F1E2507DE0029A75F /* Frameworks */,
			);
			sourceTree = "<group>";
		};
		052A87541E22665900A3B88F /* Products */ = {
			isa = PBXGroup;
			children = (
				052A87531E22665900A3B88F /* MonumentFinder.app */,
				052A87691E22665A00A3B88F /* MonumentFinderTests.xctest */,
				052A87741E22665A00A3B88F /* MonumentFinderUITests.xctest */,
			);
			name = Products;
			sourceTree = "<group>";
		};
		052A87551E22665900A3B88F /* MonumentFinder */ = {
			isa = PBXGroup;
			children = (
				055B5FA71E3E6A9200CF153D /* Global.swift */,
				052A87561E22665900A3B88F /* AppDelegate.swift */,
				05F7D53B1E2503FE0029A75F /* DataCollection.swift */,
				05E4F1241EBDC51500D6EF6C /* Monumenti.swift */,
				056F498B1E269A5600991FDF /* Controllers */,
				056F49881E268AF400991FDF /* Views */,
				05F7D53A1E24FFCC0029A75F /* ViewControllers */,
				052A875C1E22665A00A3B88F /* Main.storyboard */,
				052A87611E22665A00A3B88F /* LaunchScreen.storyboard */,
				052A87891E22AE2300A3B88F /* Assets.xcassets */,
				052A87641E22665A00A3B88F /* Info.plist */,
			);
			path = MonumentFinder;
			sourceTree = "<group>";
		};
		052A876C1E22665A00A3B88F /* MonumentFinderTests */ = {
			isa = PBXGroup;
			children = (
				052A876D1E22665A00A3B88F /* MonumentFinderTests.swift */,
				052A876F1E22665A00A3B88F /* Info.plist */,
			);
			path = MonumentFinderTests;
			sourceTree = "<group>";
		};
		052A87771E22665A00A3B88F /* MonumentFinderUITests */ = {
			isa = PBXGroup;
			children = (
				052A87781E22665A00A3B88F /* MonumentFinderUITests.swift */,
				052A877A1E22665A00A3B88F /* Info.plist */,
			);
			path = MonumentFinderUITests;
			sourceTree = "<group>";
		};
		0546752D1E28E20900BB370B /* Suport Files */ = {
			isa = PBXGroup;
			children = (
				053086D11EE48B3400292A68 /* db.sqlite */,
				0546752B1E28E1FE00BB370B /* MonumentTags.csv */,
			);
			name = "Suport Files";
			path = MonumentFinder;
			sourceTree = "<group>";
		};
		056F49881E268AF400991FDF /* Views */ = {
			isa = PBXGroup;
			children = (
				05E4F12E1EBE3F8B00D6EF6C /* GradientView.swift */,
				05FBE78C1EBF7847007CA607 /* AnnotationView.swift */,
				056F49861E268AE600991FDF /* BubbleView.swift */,
			);
			name = Views;
			sourceTree = "<group>";
		};
		056F498B1E269A5600991FDF /* Controllers */ = {
			isa = PBXGroup;
			children = (
				056F49891E269A4B00991FDF /* CustomSlider.swift */,
				05E4F1291EBE327500D6EF6C /* SegueTransitions.swift */,
			);
			name = Controllers;
			sourceTree = "<group>";
		};
		05E4F0FE1EBDA9C900D6EF6C /* HDAugmentedReality */ = {
			isa = PBXGroup;
			children = (
				05E4F0FF1EBDA9C900D6EF6C /* Classes */,
				05E4F10B1EBDA9C900D6EF6C /* Resources */,
			);
			path = HDAugmentedReality;
			sourceTree = "<group>";
		};
		05E4F0FF1EBDA9C900D6EF6C /* Classes */ = {
			isa = PBXGroup;
			children = (
				05E4F1001EBDA9C900D6EF6C /* ARAnnotation.swift */,
				05E4F1011EBDA9C900D6EF6C /* ARAnnotationView.swift */,
				05E4F1021EBDA9C900D6EF6C /* ARConfiguration.swift */,
				05E4F1031EBDA9C900D6EF6C /* ARPresenter+Stacking.swift */,
				05E4F1041EBDA9C900D6EF6C /* ARPresenter.swift */,
				05E4F1051EBDA9C900D6EF6C /* ARTrackingManager.swift */,
				05E4F1061EBDA9C900D6EF6C /* ARViewController.swift */,
				05E4F1071EBDA9C900D6EF6C /* Debug */,
				05E4F1091EBDA9C900D6EF6C /* External */,
			);
			path = Classes;
			sourceTree = "<group>";
		};
		05E4F1071EBDA9C900D6EF6C /* Debug */ = {
			isa = PBXGroup;
			children = (
				05E4F1081EBDA9C900D6EF6C /* DebugMapViewController.swift */,
			);
			path = Debug;
			sourceTree = "<group>";
		};
		05E4F1091EBDA9C900D6EF6C /* External */ = {
			isa = PBXGroup;
			children = (
				05E4F10A1EBDA9C900D6EF6C /* CameraView.swift */,
			);
			path = External;
			sourceTree = "<group>";
		};
		05E4F10B1EBDA9C900D6EF6C /* Resources */ = {
			isa = PBXGroup;
			children = (
				05E4F10C1EBDA9C900D6EF6C /* DebugMapViewController.xib */,
				05E4F10D1EBDA9C900D6EF6C /* hdar_close.png */,
				05E4F10E1EBDA9C900D6EF6C /* hdar_close@2x.png */,
				05E4F10F1EBDA9C900D6EF6C /* hdar_close@3x.png */,
			);
			path = Resources;
			sourceTree = "<group>";
		};
		05F7D53A1E24FFCC0029A75F /* ViewControllers */ = {
			isa = PBXGroup;
			children = (
				051A630C1E263BFC008FD83A /* ARVC.swift */,
				05E4F1271EBE2AEA00D6EF6C /* FiltriVC.swift */,
				05E4F12B1EBE397E00D6EF6C /* SettingsVC.swift */,
				054675251E28E14400BB370B /* FiltriTableVC.swift */,
				0553C3B41E3E25C900EB081F /* MapVC.swift */,
				05FBE78A1EBF4C05007CA607 /* SelectCityVC.swift */,
				054741981ECA0B260029BE7B /* AnnotationsDetailsVC.swift */,
			);
			name = ViewControllers;
			sourceTree = "<group>";
		};
		05F7D53F1E2507DE0029A75F /* Frameworks */ = {
			isa = PBXGroup;
			children = (
				052EF3881EE4BF4600D709CB /* Alamofire.framework */,
				052EF3891EE4BF4600D709CB /* AlamofireImage.framework */,
				05E4F0FE1EBDA9C900D6EF6C /* HDAugmentedReality */,
				05E4F1211EBDC4A700D6EF6C /* SQLite.framework */,
				0553C3B01E3E220B00EB081F /* Mapbox.framework */,
				054675271E28E1AC00BB370B /* CSV.framework */,
				05F7D5401E2507DE0029A75F /* SwiftyJSON.framework */,
			);
			name = Frameworks;
			sourceTree = "<group>";
		};
/* End PBXGroup section */

/* Begin PBXNativeTarget section */
		052A87521E22665900A3B88F /* MonumentFinder */ = {
			isa = PBXNativeTarget;
			buildConfigurationList = 052A877D1E22665A00A3B88F /* Build configuration list for PBXNativeTarget "MonumentFinder" */;
			buildPhases = (
				052A874F1E22665900A3B88F /* Sources */,
				052A87501E22665900A3B88F /* Frameworks */,
				052A87511E22665900A3B88F /* Resources */,
				05F7D5441E2507E40029A75F /* Embed Frameworks */,
				0553C3B21E3E221D00EB081F /* ShellScript */,
			);
			buildRules = (
			);
			dependencies = (
			);
			name = MonumentFinder;
			productName = MonumentFinder;
			productReference = 052A87531E22665900A3B88F /* MonumentFinder.app */;
			productType = "com.apple.product-type.application";
		};
		052A87681E22665A00A3B88F /* MonumentFinderTests */ = {
			isa = PBXNativeTarget;
			buildConfigurationList = 052A87801E22665A00A3B88F /* Build configuration list for PBXNativeTarget "MonumentFinderTests" */;
			buildPhases = (
				052A87651E22665A00A3B88F /* Sources */,
				052A87661E22665A00A3B88F /* Frameworks */,
				052A87671E22665A00A3B88F /* Resources */,
			);
			buildRules = (
			);
			dependencies = (
				052A876B1E22665A00A3B88F /* PBXTargetDependency */,
			);
			name = MonumentFinderTests;
			productName = MonumentFinderTests;
			productReference = 052A87691E22665A00A3B88F /* MonumentFinderTests.xctest */;
			productType = "com.apple.product-type.bundle.unit-test";
		};
		052A87731E22665A00A3B88F /* MonumentFinderUITests */ = {
			isa = PBXNativeTarget;
			buildConfigurationList = 052A87831E22665A00A3B88F /* Build configuration list for PBXNativeTarget "MonumentFinderUITests" */;
			buildPhases = (
				052A87701E22665A00A3B88F /* Sources */,
				052A87711E22665A00A3B88F /* Frameworks */,
				052A87721E22665A00A3B88F /* Resources */,
			);
			buildRules = (
			);
			dependencies = (
				052A87761E22665A00A3B88F /* PBXTargetDependency */,
			);
			name = MonumentFinderUITests;
			productName = MonumentFinderUITests;
			productReference = 052A87741E22665A00A3B88F /* MonumentFinderUITests.xctest */;
			productType = "com.apple.product-type.bundle.ui-testing";
		};
/* End PBXNativeTarget section */

/* Begin PBXProject section */
		052A874B1E22665900A3B88F /* Project object */ = {
			isa = PBXProject;
			attributes = {
				LastSwiftUpdateCheck = 0820;
				LastUpgradeCheck = 0820;
				ORGANIZATIONNAME = "Jacopo Gasparetto";
				TargetAttributes = {
					052A87521E22665900A3B88F = {
						CreatedOnToolsVersion = 8.2.1;
						DevelopmentTeam = 98BTLNKE6U;
						ProvisioningStyle = Automatic;
					};
					052A87681E22665A00A3B88F = {
						CreatedOnToolsVersion = 8.2.1;
						DevelopmentTeam = 98BTLNKE6U;
						ProvisioningStyle = Automatic;
						TestTargetID = 052A87521E22665900A3B88F;
					};
					052A87731E22665A00A3B88F = {
						CreatedOnToolsVersion = 8.2.1;
						DevelopmentTeam = 98BTLNKE6U;
						ProvisioningStyle = Automatic;
						TestTargetID = 052A87521E22665900A3B88F;
					};
				};
			};
			buildConfigurationList = 052A874E1E22665900A3B88F /* Build configuration list for PBXProject "MonumentFinder" */;
			compatibilityVersion = "Xcode 3.2";
			developmentRegion = English;
			hasScannedForEncodings = 0;
			knownRegions = (
				en,
				Base,
			);
			mainGroup = 052A874A1E22665900A3B88F;
			productRefGroup = 052A87541E22665900A3B88F /* Products */;
			projectDirPath = "";
			projectRoot = "";
			targets = (
				052A87521E22665900A3B88F /* MonumentFinder */,
				052A87681E22665A00A3B88F /* MonumentFinderTests */,
				052A87731E22665A00A3B88F /* MonumentFinderUITests */,
			);
		};
/* End PBXProject section */

/* Begin PBXResourcesBuildPhase section */
		052A87511E22665900A3B88F /* Resources */ = {
			isa = PBXResourcesBuildPhase;
			buildActionMask = 2147483647;
			files = (
				052A87631E22665A00A3B88F /* LaunchScreen.storyboard in Resources */,
				05E4F11A1EBDA9C900D6EF6C /* hdar_close.png in Resources */,
				0546752C1E28E1FE00BB370B /* MonumentTags.csv in Resources */,
				05E4F11B1EBDA9C900D6EF6C /* hdar_close@2x.png in Resources */,
				05E4F11C1EBDA9C900D6EF6C /* hdar_close@3x.png in Resources */,
				052A878A1E22AE2300A3B88F /* Assets.xcassets in Resources */,
				052A875E1E22665A00A3B88F /* Main.storyboard in Resources */,
				053086D21EE48B3400292A68 /* db.sqlite in Resources */,
				05E4F1191EBDA9C900D6EF6C /* DebugMapViewController.xib in Resources */,
			);
			runOnlyForDeploymentPostprocessing = 0;
		};
		052A87671E22665A00A3B88F /* Resources */ = {
			isa = PBXResourcesBuildPhase;
			buildActionMask = 2147483647;
			files = (
			);
			runOnlyForDeploymentPostprocessing = 0;
		};
		052A87721E22665A00A3B88F /* Resources */ = {
			isa = PBXResourcesBuildPhase;
			buildActionMask = 2147483647;
			files = (
			);
			runOnlyForDeploymentPostprocessing = 0;
		};
/* End PBXResourcesBuildPhase section */

/* Begin PBXShellScriptBuildPhase section */
		0553C3B21E3E221D00EB081F /* ShellScript */ = {
			isa = PBXShellScriptBuildPhase;
			buildActionMask = 2147483647;
			files = (
			);
			inputPaths = (
			);
			outputPaths = (
			);
			runOnlyForDeploymentPostprocessing = 0;
			shellPath = /bin/sh;
			shellScript = "bash \"${BUILT_PRODUCTS_DIR}/${FRAMEWORKS_FOLDER_PATH}/Mapbox.framework/strip-frameworks.sh\"";
		};
/* End PBXShellScriptBuildPhase section */

/* Begin PBXSourcesBuildPhase section */
		052A874F1E22665900A3B88F /* Sources */ = {
			isa = PBXSourcesBuildPhase;
			buildActionMask = 2147483647;
			files = (
				054675261E28E14400BB370B /* FiltriTableVC.swift in Sources */,
				056F498A1E269A4B00991FDF /* CustomSlider.swift in Sources */,
				05E4F1171EBDA9C900D6EF6C /* DebugMapViewController.swift in Sources */,
				05E4F1151EBDA9C900D6EF6C /* ARTrackingManager.swift in Sources */,
				052A87571E22665900A3B88F /* AppDelegate.swift in Sources */,
				05FBE78B1EBF4C05007CA607 /* SelectCityVC.swift in Sources */,
				05E4F1281EBE2AEA00D6EF6C /* FiltriVC.swift in Sources */,
				05E4F1101EBDA9C900D6EF6C /* ARAnnotation.swift in Sources */,
				054741991ECA0B260029BE7B /* AnnotationsDetailsVC.swift in Sources */,
				05E4F12C1EBE397E00D6EF6C /* SettingsVC.swift in Sources */,
				05E4F12F1EBE3F8B00D6EF6C /* GradientView.swift in Sources */,
				05E4F1111EBDA9C900D6EF6C /* ARAnnotationView.swift in Sources */,
				05E4F1141EBDA9C900D6EF6C /* ARPresenter.swift in Sources */,
				055B5FA81E3E6A9200CF153D /* Global.swift in Sources */,
				05F7D53C1E2503FE0029A75F /* DataCollection.swift in Sources */,
				05E4F1251EBDC51500D6EF6C /* Monumenti.swift in Sources */,
				05E4F12A1EBE327500D6EF6C /* SegueTransitions.swift in Sources */,
				0553C3B51E3E25C900EB081F /* MapVC.swift in Sources */,
				05FBE78D1EBF7847007CA607 /* AnnotationView.swift in Sources */,
				05E4F1181EBDA9C900D6EF6C /* CameraView.swift in Sources */,
				05E4F1161EBDA9C900D6EF6C /* ARViewController.swift in Sources */,
				051A630D1E263BFC008FD83A /* ARVC.swift in Sources */,
				05E4F1121EBDA9C900D6EF6C /* ARConfiguration.swift in Sources */,
				056F49871E268AE600991FDF /* BubbleView.swift in Sources */,
				05E4F1131EBDA9C900D6EF6C /* ARPresenter+Stacking.swift in Sources */,
			);
			runOnlyForDeploymentPostprocessing = 0;
		};
		052A87651E22665A00A3B88F /* Sources */ = {
			isa = PBXSourcesBuildPhase;
			buildActionMask = 2147483647;
			files = (
				052A876E1E22665A00A3B88F /* MonumentFinderTests.swift in Sources */,
			);
			runOnlyForDeploymentPostprocessing = 0;
		};
		052A87701E22665A00A3B88F /* Sources */ = {
			isa = PBXSourcesBuildPhase;
			buildActionMask = 2147483647;
			files = (
				052A87791E22665A00A3B88F /* MonumentFinderUITests.swift in Sources */,
			);
			runOnlyForDeploymentPostprocessing = 0;
		};
/* End PBXSourcesBuildPhase section */

/* Begin PBXTargetDependency section */
		052A876B1E22665A00A3B88F /* PBXTargetDependency */ = {
			isa = PBXTargetDependency;
			target = 052A87521E22665900A3B88F /* MonumentFinder */;
			targetProxy = 052A876A1E22665A00A3B88F /* PBXContainerItemProxy */;
		};
		052A87761E22665A00A3B88F /* PBXTargetDependency */ = {
			isa = PBXTargetDependency;
			target = 052A87521E22665900A3B88F /* MonumentFinder */;
			targetProxy = 052A87751E22665A00A3B88F /* PBXContainerItemProxy */;
		};
/* End PBXTargetDependency section */

/* Begin PBXVariantGroup section */
		052A875C1E22665A00A3B88F /* Main.storyboard */ = {
			isa = PBXVariantGroup;
			children = (
				052A875D1E22665A00A3B88F /* Base */,
			);
			name = Main.storyboard;
			sourceTree = "<group>";
		};
		052A87611E22665A00A3B88F /* LaunchScreen.storyboard */ = {
			isa = PBXVariantGroup;
			children = (
				052A87621E22665A00A3B88F /* Base */,
			);
			name = LaunchScreen.storyboard;
			sourceTree = "<group>";
		};
/* End PBXVariantGroup section */

/* Begin XCBuildConfiguration section */
		052A877B1E22665A00A3B88F /* Debug */ = {
			isa = XCBuildConfiguration;
			buildSettings = {
				ALWAYS_SEARCH_USER_PATHS = NO;
				CLANG_ANALYZER_NONNULL = YES;
				CLANG_CXX_LANGUAGE_STANDARD = "gnu++0x";
				CLANG_CXX_LIBRARY = "libc++";
				CLANG_ENABLE_MODULES = YES;
				CLANG_ENABLE_OBJC_ARC = YES;
				CLANG_WARN_BOOL_CONVERSION = YES;
				CLANG_WARN_CONSTANT_CONVERSION = YES;
				CLANG_WARN_DIRECT_OBJC_ISA_USAGE = YES_ERROR;
				CLANG_WARN_DOCUMENTATION_COMMENTS = YES;
				CLANG_WARN_EMPTY_BODY = YES;
				CLANG_WARN_ENUM_CONVERSION = YES;
				CLANG_WARN_INFINITE_RECURSION = YES;
				CLANG_WARN_INT_CONVERSION = YES;
				CLANG_WARN_OBJC_ROOT_CLASS = YES_ERROR;
				CLANG_WARN_SUSPICIOUS_MOVE = YES;
				CLANG_WARN_UNREACHABLE_CODE = YES;
				CLANG_WARN__DUPLICATE_METHOD_MATCH = YES;
				"CODE_SIGN_IDENTITY[sdk=iphoneos*]" = "iPhone Developer";
				COPY_PHASE_STRIP = NO;
				DEBUG_INFORMATION_FORMAT = dwarf;
				ENABLE_STRICT_OBJC_MSGSEND = YES;
				ENABLE_TESTABILITY = YES;
				GCC_C_LANGUAGE_STANDARD = gnu99;
				GCC_DYNAMIC_NO_PIC = NO;
				GCC_NO_COMMON_BLOCKS = YES;
				GCC_OPTIMIZATION_LEVEL = 0;
				GCC_PREPROCESSOR_DEFINITIONS = (
					"DEBUG=1",
					"$(inherited)",
				);
				GCC_WARN_64_TO_32_BIT_CONVERSION = YES;
				GCC_WARN_ABOUT_RETURN_TYPE = YES_ERROR;
				GCC_WARN_UNDECLARED_SELECTOR = YES;
				GCC_WARN_UNINITIALIZED_AUTOS = YES_AGGRESSIVE;
				GCC_WARN_UNUSED_FUNCTION = YES;
				GCC_WARN_UNUSED_VARIABLE = YES;
				IPHONEOS_DEPLOYMENT_TARGET = 10.2;
				MTL_ENABLE_DEBUG_INFO = YES;
				ONLY_ACTIVE_ARCH = YES;
				SDKROOT = iphoneos;
				SWIFT_ACTIVE_COMPILATION_CONDITIONS = DEBUG;
				SWIFT_OPTIMIZATION_LEVEL = "-Onone";
				TARGETED_DEVICE_FAMILY = "1,2";
			};
			name = Debug;
		};
		052A877C1E22665A00A3B88F /* Release */ = {
			isa = XCBuildConfiguration;
			buildSettings = {
				ALWAYS_SEARCH_USER_PATHS = NO;
				CLANG_ANALYZER_NONNULL = YES;
				CLANG_CXX_LANGUAGE_STANDARD = "gnu++0x";
				CLANG_CXX_LIBRARY = "libc++";
				CLANG_ENABLE_MODULES = YES;
				CLANG_ENABLE_OBJC_ARC = YES;
				CLANG_WARN_BOOL_CONVERSION = YES;
				CLANG_WARN_CONSTANT_CONVERSION = YES;
				CLANG_WARN_DIRECT_OBJC_ISA_USAGE = YES_ERROR;
				CLANG_WARN_DOCUMENTATION_COMMENTS = YES;
				CLANG_WARN_EMPTY_BODY = YES;
				CLANG_WARN_ENUM_CONVERSION = YES;
				CLANG_WARN_INFINITE_RECURSION = YES;
				CLANG_WARN_INT_CONVERSION = YES;
				CLANG_WARN_OBJC_ROOT_CLASS = YES_ERROR;
				CLANG_WARN_SUSPICIOUS_MOVE = YES;
				CLANG_WARN_UNREACHABLE_CODE = YES;
				CLANG_WARN__DUPLICATE_METHOD_MATCH = YES;
				"CODE_SIGN_IDENTITY[sdk=iphoneos*]" = "iPhone Developer";
				COPY_PHASE_STRIP = NO;
				DEBUG_INFORMATION_FORMAT = "dwarf-with-dsym";
				ENABLE_NS_ASSERTIONS = NO;
				ENABLE_STRICT_OBJC_MSGSEND = YES;
				GCC_C_LANGUAGE_STANDARD = gnu99;
				GCC_NO_COMMON_BLOCKS = YES;
				GCC_WARN_64_TO_32_BIT_CONVERSION = YES;
				GCC_WARN_ABOUT_RETURN_TYPE = YES_ERROR;
				GCC_WARN_UNDECLARED_SELECTOR = YES;
				GCC_WARN_UNINITIALIZED_AUTOS = YES_AGGRESSIVE;
				GCC_WARN_UNUSED_FUNCTION = YES;
				GCC_WARN_UNUSED_VARIABLE = YES;
				IPHONEOS_DEPLOYMENT_TARGET = 10.2;
				MTL_ENABLE_DEBUG_INFO = NO;
				SDKROOT = iphoneos;
				SWIFT_OPTIMIZATION_LEVEL = "-Owholemodule";
				TARGETED_DEVICE_FAMILY = "1,2";
				VALIDATE_PRODUCT = YES;
			};
			name = Release;
		};
		052A877E1E22665A00A3B88F /* Debug */ = {
			isa = XCBuildConfiguration;
			buildSettings = {
				ALWAYS_EMBED_SWIFT_STANDARD_LIBRARIES = YES;
				ASSETCATALOG_COMPILER_APPICON_NAME = AppIcon;
				"CODE_SIGN_IDENTITY[sdk=iphoneos*]" = "iPhone Developer";
				DEVELOPMENT_TEAM = 98BTLNKE6U;
				FRAMEWORK_SEARCH_PATHS = (
					"$(inherited)",
					"$(PROJECT_DIR)/Carthage/Build/iOS",
					"$(PROJECT_DIR)",
				);
				INFOPLIST_FILE = MonumentFinder/Info.plist;
				LD_RUNPATH_SEARCH_PATHS = "$(inherited) @executable_path/Frameworks";
				PRODUCT_BUNDLE_IDENTIFIER = "Jacopo-Gasparetto.MonumentFinder";
				PRODUCT_NAME = "$(TARGET_NAME)";
				PROVISIONING_PROFILE_SPECIFIER = "";
				SWIFT_VERSION = 3.0;
				TARGETED_DEVICE_FAMILY = 1;
			};
			name = Debug;
		};
		052A877F1E22665A00A3B88F /* Release */ = {
			isa = XCBuildConfiguration;
			buildSettings = {
				ALWAYS_EMBED_SWIFT_STANDARD_LIBRARIES = YES;
				ASSETCATALOG_COMPILER_APPICON_NAME = AppIcon;
				"CODE_SIGN_IDENTITY[sdk=iphoneos*]" = "iPhone Developer";
				DEVELOPMENT_TEAM = 98BTLNKE6U;
				FRAMEWORK_SEARCH_PATHS = (
					"$(inherited)",
					"$(PROJECT_DIR)/Carthage/Build/iOS",
					"$(PROJECT_DIR)",
				);
				INFOPLIST_FILE = MonumentFinder/Info.plist;
				LD_RUNPATH_SEARCH_PATHS = "$(inherited) @executable_path/Frameworks";
				PRODUCT_BUNDLE_IDENTIFIER = "Jacopo-Gasparetto.MonumentFinder";
				PRODUCT_NAME = "$(TARGET_NAME)";
				PROVISIONING_PROFILE_SPECIFIER = "";
				SWIFT_VERSION = 3.0;
				TARGETED_DEVICE_FAMILY = 1;
			};
			name = Release;
		};
		052A87811E22665A00A3B88F /* Debug */ = {
			isa = XCBuildConfiguration;
			buildSettings = {
				ALWAYS_EMBED_SWIFT_STANDARD_LIBRARIES = YES;
				BUNDLE_LOADER = "$(TEST_HOST)";
				DEVELOPMENT_TEAM = 98BTLNKE6U;
				INFOPLIST_FILE = MonumentFinderTests/Info.plist;
				LD_RUNPATH_SEARCH_PATHS = "$(inherited) @executable_path/Frameworks @loader_path/Frameworks";
				PRODUCT_BUNDLE_IDENTIFIER = "Jacopo-Gasparetto.MonumentFinderTests";
				PRODUCT_NAME = "$(TARGET_NAME)";
				SWIFT_VERSION = 3.0;
				TEST_HOST = "$(BUILT_PRODUCTS_DIR)/MonumentFinder.app/MonumentFinder";
			};
			name = Debug;
		};
		052A87821E22665A00A3B88F /* Release */ = {
			isa = XCBuildConfiguration;
			buildSettings = {
				ALWAYS_EMBED_SWIFT_STANDARD_LIBRARIES = YES;
				BUNDLE_LOADER = "$(TEST_HOST)";
				DEVELOPMENT_TEAM = 98BTLNKE6U;
				INFOPLIST_FILE = MonumentFinderTests/Info.plist;
				LD_RUNPATH_SEARCH_PATHS = "$(inherited) @executable_path/Frameworks @loader_path/Frameworks";
				PRODUCT_BUNDLE_IDENTIFIER = "Jacopo-Gasparetto.MonumentFinderTests";
				PRODUCT_NAME = "$(TARGET_NAME)";
				SWIFT_VERSION = 3.0;
				TEST_HOST = "$(BUILT_PRODUCTS_DIR)/MonumentFinder.app/MonumentFinder";
			};
			name = Release;
		};
		052A87841E22665A00A3B88F /* Debug */ = {
			isa = XCBuildConfiguration;
			buildSettings = {
				ALWAYS_EMBED_SWIFT_STANDARD_LIBRARIES = YES;
				DEVELOPMENT_TEAM = 98BTLNKE6U;
				INFOPLIST_FILE = MonumentFinderUITests/Info.plist;
				LD_RUNPATH_SEARCH_PATHS = "$(inherited) @executable_path/Frameworks @loader_path/Frameworks";
				PRODUCT_BUNDLE_IDENTIFIER = "Jacopo-Gasparetto.MonumentFinderUITests";
				PRODUCT_NAME = "$(TARGET_NAME)";
				SWIFT_VERSION = 3.0;
				TEST_TARGET_NAME = MonumentFinder;
			};
			name = Debug;
		};
		052A87851E22665A00A3B88F /* Release */ = {
			isa = XCBuildConfiguration;
			buildSettings = {
				ALWAYS_EMBED_SWIFT_STANDARD_LIBRARIES = YES;
				DEVELOPMENT_TEAM = 98BTLNKE6U;
				INFOPLIST_FILE = MonumentFinderUITests/Info.plist;
				LD_RUNPATH_SEARCH_PATHS = "$(inherited) @executable_path/Frameworks @loader_path/Frameworks";
				PRODUCT_BUNDLE_IDENTIFIER = "Jacopo-Gasparetto.MonumentFinderUITests";
				PRODUCT_NAME = "$(TARGET_NAME)";
				SWIFT_VERSION = 3.0;
				TEST_TARGET_NAME = MonumentFinder;
			};
			name = Release;
		};
/* End XCBuildConfiguration section */

/* Begin XCConfigurationList section */
		052A874E1E22665900A3B88F /* Build configuration list for PBXProject "MonumentFinder" */ = {
			isa = XCConfigurationList;
			buildConfigurations = (
				052A877B1E22665A00A3B88F /* Debug */,
				052A877C1E22665A00A3B88F /* Release */,
			);
			defaultConfigurationIsVisible = 0;
			defaultConfigurationName = Release;
		};
		052A877D1E22665A00A3B88F /* Build configuration list for PBXNativeTarget "MonumentFinder" */ = {
			isa = XCConfigurationList;
			buildConfigurations = (
				052A877E1E22665A00A3B88F /* Debug */,
				052A877F1E22665A00A3B88F /* Release */,
			);
			defaultConfigurationIsVisible = 0;
			defaultConfigurationName = Release;
		};
		052A87801E22665A00A3B88F /* Build configuration list for PBXNativeTarget "MonumentFinderTests" */ = {
			isa = XCConfigurationList;
			buildConfigurations = (
				052A87811E22665A00A3B88F /* Debug */,
				052A87821E22665A00A3B88F /* Release */,
			);
			defaultConfigurationIsVisible = 0;
			defaultConfigurationName = Release;
		};
		052A87831E22665A00A3B88F /* Build configuration list for PBXNativeTarget "MonumentFinderUITests" */ = {
			isa = XCConfigurationList;
			buildConfigurations = (
				052A87841E22665A00A3B88F /* Debug */,
				052A87851E22665A00A3B88F /* Release */,
			);
			defaultConfigurationIsVisible = 0;
			defaultConfigurationName = Release;
		};
/* End XCConfigurationList section */
	};
	rootObject = 052A874B1E22665900A3B88F /* Project object */;
}
