// !$*UTF8*$!
{
	archiveVersion = 1;
	classes = {
	};
	objectVersion = 46;
	objects = {

/* Begin PBXBuildFile section */
		050BA0A21F8674A100814C43 /* ViewController_Extensions.swift in Sources */ = {isa = PBXBuildFile; fileRef = 050BA0A11F8674A100814C43 /* ViewController_Extensions.swift */; };
		050CC1B11FC5E93B00561659 /* SplashScreenVC.swift in Sources */ = {isa = PBXBuildFile; fileRef = 050CC1B01FC5E93B00561659 /* SplashScreenVC.swift */; };
		051ADEB81F82BEB1008A6E54 /* ViewController.swift in Sources */ = {isa = PBXBuildFile; fileRef = 051ADEB71F82BEB1008A6E54 /* ViewController.swift */; };
		051ADEBA1F82BFE8008A6E54 /* DataCollection.swift in Sources */ = {isa = PBXBuildFile; fileRef = 051ADEAD1F82BE5D008A6E54 /* DataCollection.swift */; };
		052654F31FC2EC360096C243 /* CustomPOIAnnotationView.swift in Sources */ = {isa = PBXBuildFile; fileRef = 052654F21FC2EC360096C243 /* CustomPOIAnnotationView.swift */; };
		052654F51FC3AC760096C243 /* Map_Icons.xcassets in Resources */ = {isa = PBXBuildFile; fileRef = 052654F41FC3AC760096C243 /* Map_Icons.xcassets */; };
		052654F71FC485640096C243 /* MapVC_Extensions.swift in Sources */ = {isa = PBXBuildFile; fileRef = 052654F61FC485640096C243 /* MapVC_Extensions.swift */; };
		052696201F857AE6002E309B /* MNLocationNode.swift in Sources */ = {isa = PBXBuildFile; fileRef = 0526961F1F857AE6002E309B /* MNLocationNode.swift */; };
		052A87571E22665900A3B88F /* AppDelegate.swift in Sources */ = {isa = PBXBuildFile; fileRef = 052A87561E22665900A3B88F /* AppDelegate.swift */; };
		052A875E1E22665A00A3B88F /* Main.storyboard in Resources */ = {isa = PBXBuildFile; fileRef = 052A875C1E22665A00A3B88F /* Main.storyboard */; };
		052A876E1E22665A00A3B88F /* MonumentFinderTests.swift in Sources */ = {isa = PBXBuildFile; fileRef = 052A876D1E22665A00A3B88F /* MonumentFinderTests.swift */; };
		052A87791E22665A00A3B88F /* MonumentFinderUITests.swift in Sources */ = {isa = PBXBuildFile; fileRef = 052A87781E22665A00A3B88F /* MonumentFinderUITests.swift */; };
		052A878A1E22AE2300A3B88F /* Assets.xcassets in Resources */ = {isa = PBXBuildFile; fileRef = 052A87891E22AE2300A3B88F /* Assets.xcassets */; };
		052EF38A1EE4BF4600D709CB /* Alamofire.framework in Frameworks */ = {isa = PBXBuildFile; fileRef = 052EF3881EE4BF4600D709CB /* Alamofire.framework */; };
		052EF38B1EE4BF4600D709CB /* Alamofire.framework in Embed Frameworks */ = {isa = PBXBuildFile; fileRef = 052EF3881EE4BF4600D709CB /* Alamofire.framework */; settings = {ATTRIBUTES = (CodeSignOnCopy, RemoveHeadersOnCopy, ); }; };
		052EF38D1EE4BF4600D709CB /* AlamofireImage.framework in Embed Frameworks */ = {isa = PBXBuildFile; fileRef = 052EF3891EE4BF4600D709CB /* AlamofireImage.framework */; settings = {ATTRIBUTES = (CodeSignOnCopy, RemoveHeadersOnCopy, ); }; };
		054063341FC615E60028B16F /* LaunchScreen.storyboard in Resources */ = {isa = PBXBuildFile; fileRef = 054063331FC615E60028B16F /* LaunchScreen.storyboard */; };
		05446AF31EE6F481006E7712 /* Annotation.swift in Sources */ = {isa = PBXBuildFile; fileRef = 05446AF21EE6F481006E7712 /* Annotation.swift */; };
		0546752C1E28E1FE00BB370B /* MonumentTags.csv in Resources */ = {isa = PBXBuildFile; fileRef = 0546752B1E28E1FE00BB370B /* MonumentTags.csv */; };
		054741991ECA0B260029BE7B /* AnnotationDetailsVC.swift in Sources */ = {isa = PBXBuildFile; fileRef = 054741981ECA0B260029BE7B /* AnnotationDetailsVC.swift */; };
		054A3E6A1EEFE17700378C0F /* SearchVC.swift in Sources */ = {isa = PBXBuildFile; fileRef = 054A3E691EEFE17700378C0F /* SearchVC.swift */; };
		0553C3B51E3E25C900EB081F /* MapVC.swift in Sources */ = {isa = PBXBuildFile; fileRef = 0553C3B41E3E25C900EB081F /* MapVC.swift */; };
		0559E2481F82EE5800315366 /* SwiftyJSON.framework in Frameworks */ = {isa = PBXBuildFile; fileRef = 0559E2461F82EE5800315366 /* SwiftyJSON.framework */; };
		0559E24B1F82EE7100315366 /* SwiftyJSON.framework in Embed Frameworks */ = {isa = PBXBuildFile; fileRef = 0559E2461F82EE5800315366 /* SwiftyJSON.framework */; settings = {ATTRIBUTES = (CodeSignOnCopy, RemoveHeadersOnCopy, ); }; };
		055B5FA81E3E6A9200CF153D /* Global.swift in Sources */ = {isa = PBXBuildFile; fileRef = 055B5FA71E3E6A9200CF153D /* Global.swift */; };
		05666D022173ED550058B533 /* .swiftlint.yml in Resources */ = {isa = PBXBuildFile; fileRef = 05666D012173ED550058B533 /* .swiftlint.yml */; };
		0567C85B2173B27C008C4E8D /* AlamofireImage.framework in Frameworks */ = {isa = PBXBuildFile; fileRef = 052EF3891EE4BF4600D709CB /* AlamofireImage.framework */; };
		056F49871E268AE600991FDF /* BubbleView.swift in Sources */ = {isa = PBXBuildFile; fileRef = 056F49861E268AE600991FDF /* BubbleView.swift */; };
		056F498A1E269A4B00991FDF /* CustomSlider.swift in Sources */ = {isa = PBXBuildFile; fileRef = 056F49891E269A4B00991FDF /* CustomSlider.swift */; };
		057173D91FAB2F460083F583 /* ClusterKit.framework in Frameworks */ = {isa = PBXBuildFile; fileRef = 057173D81FAB2F460083F583 /* ClusterKit.framework */; };
		0576BFAF2173C3ED003CF1DC /* SceneLocationView.swift in Sources */ = {isa = PBXBuildFile; fileRef = 0576BFAE2173C3ED003CF1DC /* SceneLocationView.swift */; };
		05774C7E1EF840B60062C70B /* CustomSearchBar.xib in Resources */ = {isa = PBXBuildFile; fileRef = 05774C7D1EF840B60062C70B /* CustomSearchBar.xib */; };
		058239DF1F756E0F001A65EE /* TrajanPro-Regular.ttf in Resources */ = {isa = PBXBuildFile; fileRef = 058239DE1F756DE5001A65EE /* TrajanPro-Regular.ttf */; };
		05890E681EF2E4ED00303BA7 /* CustomSearchController.swift in Sources */ = {isa = PBXBuildFile; fileRef = 05890E671EF2E4ED00303BA7 /* CustomSearchController.swift */; };
		05890E6A1EF2E58800303BA7 /* CustomSearchBar.swift in Sources */ = {isa = PBXBuildFile; fileRef = 05890E691EF2E58800303BA7 /* CustomSearchBar.swift */; };
		058F4FBB1EE766D600DB59C1 /* db.sqlite in Resources */ = {isa = PBXBuildFile; fileRef = 058F4FBA1EE766D600DB59C1 /* db.sqlite */; };
		0592338F1EF93D6200264267 /* Info_credits.rtf in Resources */ = {isa = PBXBuildFile; fileRef = 0592338E1EF93D6200264267 /* Info_credits.rtf */; };
		05A1D38C2173B4D600B614F3 /* SCNVector3+Extensions.swift in Sources */ = {isa = PBXBuildFile; fileRef = 05A1D3822173B4D600B614F3 /* SCNVector3+Extensions.swift */; };
		05A1D38D2173B4D600B614F3 /* SceneLocationEstimate.swift in Sources */ = {isa = PBXBuildFile; fileRef = 05A1D3832173B4D600B614F3 /* SceneLocationEstimate.swift */; };
		05A1D38E2173B4D600B614F3 /* SceneLocationEstimate+Extensions.swift in Sources */ = {isa = PBXBuildFile; fileRef = 05A1D3842173B4D600B614F3 /* SceneLocationEstimate+Extensions.swift */; };
		05A1D38F2173B4D600B614F3 /* FloatingPoint+Radians.swift in Sources */ = {isa = PBXBuildFile; fileRef = 05A1D3852173B4D600B614F3 /* FloatingPoint+Radians.swift */; };
		05A1D3902173B4D600B614F3 /* LocationNode.swift in Sources */ = {isa = PBXBuildFile; fileRef = 05A1D3862173B4D600B614F3 /* LocationNode.swift */; };
		05A1D3912173B4D600B614F3 /* CGPoint+Extensions.swift in Sources */ = {isa = PBXBuildFile; fileRef = 05A1D3872173B4D600B614F3 /* CGPoint+Extensions.swift */; };
		05A1D3922173B4D600B614F3 /* CLLocation+Extensions.swift in Sources */ = {isa = PBXBuildFile; fileRef = 05A1D3882173B4D600B614F3 /* CLLocation+Extensions.swift */; };
		05A1D3942173B4D600B614F3 /* LocationManager.swift in Sources */ = {isa = PBXBuildFile; fileRef = 05A1D38A2173B4D600B614F3 /* LocationManager.swift */; };
		05A1D3952173B4D600B614F3 /* SCNNode+Extensions.swift in Sources */ = {isa = PBXBuildFile; fileRef = 05A1D38B2173B4D600B614F3 /* SCNNode+Extensions.swift */; };
		05AFB9761FCC69290073C42B /* ClusterKit.framework in Embed Frameworks */ = {isa = PBXBuildFile; fileRef = 057173D81FAB2F460083F583 /* ClusterKit.framework */; settings = {ATTRIBUTES = (CodeSignOnCopy, RemoveHeadersOnCopy, ); }; };
		05B7AC8D1EF93BFC001548D2 /* CreditsVC.swift in Sources */ = {isa = PBXBuildFile; fileRef = 05B7AC8C1EF93BFC001548D2 /* CreditsVC.swift */; };
		05C6DA181F9E881C00CD5BFB /* DebugTableVC.swift in Sources */ = {isa = PBXBuildFile; fileRef = 05C6DA171F9E881C00CD5BFB /* DebugTableVC.swift */; };
		05D7EC3F1FBB5F2700693F87 /* Extensions.swift in Sources */ = {isa = PBXBuildFile; fileRef = 05D7EC3E1FBB5F2600693F87 /* Extensions.swift */; };
		05E265461F6AB35500F98222 /* Monuments.csv in Resources */ = {isa = PBXBuildFile; fileRef = 05E265411F6A8A1600F98222 /* Monuments.csv */; };
		05E4F1281EBE2AEA00D6EF6C /* FiltriVC.swift in Sources */ = {isa = PBXBuildFile; fileRef = 05E4F1271EBE2AEA00D6EF6C /* FiltriVC.swift */; };
		05E4F12A1EBE327500D6EF6C /* SegueTransitions.swift in Sources */ = {isa = PBXBuildFile; fileRef = 05E4F1291EBE327500D6EF6C /* SegueTransitions.swift */; };
		05E4F12C1EBE397E00D6EF6C /* SettingsVC.swift in Sources */ = {isa = PBXBuildFile; fileRef = 05E4F12B1EBE397E00D6EF6C /* SettingsVC.swift */; };
		05E4F12F1EBE3F8B00D6EF6C /* GradientView.swift in Sources */ = {isa = PBXBuildFile; fileRef = 05E4F12E1EBE3F8B00D6EF6C /* GradientView.swift */; };
		05FBE78D1EBF7847007CA607 /* AnnotationView.swift in Sources */ = {isa = PBXBuildFile; fileRef = 05FBE78C1EBF7847007CA607 /* AnnotationView.swift */; };
/* End PBXBuildFile section */

/* Begin PBXContainerItemProxy section */
		052A876A1E22665A00A3B88F /* PBXContainerItemProxy */ = {
			isa = PBXContainerItemProxy;
			containerPortal = 052A874B1E22665900A3B88F /* Project object */;
			proxyType = 1;
			remoteGlobalIDString = 052A87521E22665900A3B88F;
			remoteInfo = MonumentFinder;
		};
		052A87751E22665A00A3B88F /* PBXContainerItemProxy */ = {
			isa = PBXContainerItemProxy;
			containerPortal = 052A874B1E22665900A3B88F /* Project object */;
			proxyType = 1;
			remoteGlobalIDString = 052A87521E22665900A3B88F;
			remoteInfo = MonumentFinder;
		};
/* End PBXContainerItemProxy section */

/* Begin PBXCopyFilesBuildPhase section */
		05F7D5441E2507E40029A75F /* Embed Frameworks */ = {
			isa = PBXCopyFilesBuildPhase;
			buildActionMask = 2147483647;
			dstPath = "";
			dstSubfolderSpec = 10;
			files = (
				052EF38D1EE4BF4600D709CB /* AlamofireImage.framework in Embed Frameworks */,
				052EF38B1EE4BF4600D709CB /* Alamofire.framework in Embed Frameworks */,
				05AFB9761FCC69290073C42B /* ClusterKit.framework in Embed Frameworks */,
				0559E24B1F82EE7100315366 /* SwiftyJSON.framework in Embed Frameworks */,
			);
			name = "Embed Frameworks";
			runOnlyForDeploymentPostprocessing = 0;
		};
/* End PBXCopyFilesBuildPhase section */

/* Begin PBXFileReference section */
		050BA0A11F8674A100814C43 /* ViewController_Extensions.swift */ = {isa = PBXFileReference; lastKnownFileType = sourcecode.swift; path = ViewController_Extensions.swift; sourceTree = "<group>"; };
		050CC1B01FC5E93B00561659 /* SplashScreenVC.swift */ = {isa = PBXFileReference; lastKnownFileType = sourcecode.swift; path = SplashScreenVC.swift; sourceTree = "<group>"; };
		051ADEAD1F82BE5D008A6E54 /* DataCollection.swift */ = {isa = PBXFileReference; lastKnownFileType = sourcecode.swift; path = DataCollection.swift; sourceTree = "<group>"; };
		051ADEB71F82BEB1008A6E54 /* ViewController.swift */ = {isa = PBXFileReference; lastKnownFileType = sourcecode.swift; path = ViewController.swift; sourceTree = "<group>"; };
		052654F21FC2EC360096C243 /* CustomPOIAnnotationView.swift */ = {isa = PBXFileReference; lastKnownFileType = sourcecode.swift; path = CustomPOIAnnotationView.swift; sourceTree = "<group>"; };
		052654F41FC3AC760096C243 /* Map_Icons.xcassets */ = {isa = PBXFileReference; lastKnownFileType = folder.assetcatalog; path = Map_Icons.xcassets; sourceTree = "<group>"; };
		052654F61FC485640096C243 /* MapVC_Extensions.swift */ = {isa = PBXFileReference; lastKnownFileType = sourcecode.swift; path = MapVC_Extensions.swift; sourceTree = "<group>"; };
		0526961F1F857AE6002E309B /* MNLocationNode.swift */ = {isa = PBXFileReference; lastKnownFileType = sourcecode.swift; path = MNLocationNode.swift; sourceTree = "<group>"; };
		052A87531E22665900A3B88F /* MonumentFinder.app */ = {isa = PBXFileReference; explicitFileType = wrapper.application; includeInIndex = 0; path = MonumentFinder.app; sourceTree = BUILT_PRODUCTS_DIR; };
		052A87561E22665900A3B88F /* AppDelegate.swift */ = {isa = PBXFileReference; lastKnownFileType = sourcecode.swift; path = AppDelegate.swift; sourceTree = "<group>"; };
		052A875D1E22665A00A3B88F /* Base */ = {isa = PBXFileReference; lastKnownFileType = file.storyboard; name = Base; path = Base.lproj/Main.storyboard; sourceTree = "<group>"; };
		052A87641E22665A00A3B88F /* Info.plist */ = {isa = PBXFileReference; lastKnownFileType = text.plist.xml; path = Info.plist; sourceTree = "<group>"; };
		052A87691E22665A00A3B88F /* MonumentFinderTests.xctest */ = {isa = PBXFileReference; explicitFileType = wrapper.cfbundle; includeInIndex = 0; path = MonumentFinderTests.xctest; sourceTree = BUILT_PRODUCTS_DIR; };
		052A876D1E22665A00A3B88F /* MonumentFinderTests.swift */ = {isa = PBXFileReference; lastKnownFileType = sourcecode.swift; path = MonumentFinderTests.swift; sourceTree = "<group>"; };
		052A876F1E22665A00A3B88F /* Info.plist */ = {isa = PBXFileReference; lastKnownFileType = text.plist.xml; path = Info.plist; sourceTree = "<group>"; };
		052A87741E22665A00A3B88F /* MonumentFinderUITests.xctest */ = {isa = PBXFileReference; explicitFileType = wrapper.cfbundle; includeInIndex = 0; path = MonumentFinderUITests.xctest; sourceTree = BUILT_PRODUCTS_DIR; };
		052A87781E22665A00A3B88F /* MonumentFinderUITests.swift */ = {isa = PBXFileReference; lastKnownFileType = sourcecode.swift; path = MonumentFinderUITests.swift; sourceTree = "<group>"; };
		052A877A1E22665A00A3B88F /* Info.plist */ = {isa = PBXFileReference; lastKnownFileType = text.plist.xml; path = Info.plist; sourceTree = "<group>"; };
		052A87891E22AE2300A3B88F /* Assets.xcassets */ = {isa = PBXFileReference; lastKnownFileType = folder.assetcatalog; path = Assets.xcassets; sourceTree = "<group>"; };
		052EF3881EE4BF4600D709CB /* Alamofire.framework */ = {isa = PBXFileReference; lastKnownFileType = wrapper.framework; name = Alamofire.framework; path = Carthage/Build/iOS/Alamofire.framework; sourceTree = "<group>"; };
		052EF3891EE4BF4600D709CB /* AlamofireImage.framework */ = {isa = PBXFileReference; lastKnownFileType = wrapper.framework; name = AlamofireImage.framework; path = Carthage/Build/iOS/AlamofireImage.framework; sourceTree = "<group>"; };
		054063331FC615E60028B16F /* LaunchScreen.storyboard */ = {isa = PBXFileReference; lastKnownFileType = file.storyboard; path = LaunchScreen.storyboard; sourceTree = "<group>"; };
		05446AF21EE6F481006E7712 /* Annotation.swift */ = {isa = PBXFileReference; fileEncoding = 4; lastKnownFileType = sourcecode.swift; path = Annotation.swift; sourceTree = "<group>"; };
		0546752B1E28E1FE00BB370B /* MonumentTags.csv */ = {isa = PBXFileReference; fileEncoding = 4; lastKnownFileType = text; path = MonumentTags.csv; sourceTree = "<group>"; };
		054741981ECA0B260029BE7B /* AnnotationDetailsVC.swift */ = {isa = PBXFileReference; fileEncoding = 4; lastKnownFileType = sourcecode.swift; path = AnnotationDetailsVC.swift; sourceTree = "<group>"; };
		054A3E691EEFE17700378C0F /* SearchVC.swift */ = {isa = PBXFileReference; fileEncoding = 4; lastKnownFileType = sourcecode.swift; path = SearchVC.swift; sourceTree = "<group>"; };
		0553C3B41E3E25C900EB081F /* MapVC.swift */ = {isa = PBXFileReference; fileEncoding = 4; lastKnownFileType = sourcecode.swift; path = MapVC.swift; sourceTree = "<group>"; };
		0559E2461F82EE5800315366 /* SwiftyJSON.framework */ = {isa = PBXFileReference; lastKnownFileType = wrapper.framework; name = SwiftyJSON.framework; path = Carthage/Build/iOS/SwiftyJSON.framework; sourceTree = "<group>"; };
		055B5FA71E3E6A9200CF153D /* Global.swift */ = {isa = PBXFileReference; fileEncoding = 4; lastKnownFileType = sourcecode.swift; path = Global.swift; sourceTree = "<group>"; };
		05666D012173ED550058B533 /* .swiftlint.yml */ = {isa = PBXFileReference; lastKnownFileType = text; path = .swiftlint.yml; sourceTree = "<group>"; };
		056F49861E268AE600991FDF /* BubbleView.swift */ = {isa = PBXFileReference; fileEncoding = 4; lastKnownFileType = sourcecode.swift; path = BubbleView.swift; sourceTree = "<group>"; };
		056F49891E269A4B00991FDF /* CustomSlider.swift */ = {isa = PBXFileReference; fileEncoding = 4; lastKnownFileType = sourcecode.swift; path = CustomSlider.swift; sourceTree = "<group>"; };
		057173D81FAB2F460083F583 /* ClusterKit.framework */ = {isa = PBXFileReference; lastKnownFileType = wrapper.framework; path = ClusterKit.framework; sourceTree = "<group>"; };
		0576BFAE2173C3ED003CF1DC /* SceneLocationView.swift */ = {isa = PBXFileReference; fileEncoding = 4; lastKnownFileType = sourcecode.swift; path = SceneLocationView.swift; sourceTree = "<group>"; };
		05774C7D1EF840B60062C70B /* CustomSearchBar.xib */ = {isa = PBXFileReference; fileEncoding = 4; lastKnownFileType = file.xib; name = CustomSearchBar.xib; path = ../CustomSearchBar.xib; sourceTree = "<group>"; };
		058239DE1F756DE5001A65EE /* TrajanPro-Regular.ttf */ = {isa = PBXFileReference; lastKnownFileType = file; path = "TrajanPro-Regular.ttf"; sourceTree = "<group>"; };
		05890E671EF2E4ED00303BA7 /* CustomSearchController.swift */ = {isa = PBXFileReference; fileEncoding = 4; lastKnownFileType = sourcecode.swift; path = CustomSearchController.swift; sourceTree = "<group>"; };
		05890E691EF2E58800303BA7 /* CustomSearchBar.swift */ = {isa = PBXFileReference; fileEncoding = 4; lastKnownFileType = sourcecode.swift; path = CustomSearchBar.swift; sourceTree = "<group>"; };
		058F4FBA1EE766D600DB59C1 /* db.sqlite */ = {isa = PBXFileReference; lastKnownFileType = file; path = db.sqlite; sourceTree = "<group>"; };
		0592338E1EF93D6200264267 /* Info_credits.rtf */ = {isa = PBXFileReference; fileEncoding = 4; lastKnownFileType = text.rtf; path = Info_credits.rtf; sourceTree = "<group>"; };
		05A1D3822173B4D600B614F3 /* SCNVector3+Extensions.swift */ = {isa = PBXFileReference; fileEncoding = 4; lastKnownFileType = sourcecode.swift; path = "SCNVector3+Extensions.swift"; sourceTree = "<group>"; };
		05A1D3832173B4D600B614F3 /* SceneLocationEstimate.swift */ = {isa = PBXFileReference; fileEncoding = 4; lastKnownFileType = sourcecode.swift; path = SceneLocationEstimate.swift; sourceTree = "<group>"; };
		05A1D3842173B4D600B614F3 /* SceneLocationEstimate+Extensions.swift */ = {isa = PBXFileReference; fileEncoding = 4; lastKnownFileType = sourcecode.swift; path = "SceneLocationEstimate+Extensions.swift"; sourceTree = "<group>"; };
		05A1D3852173B4D600B614F3 /* FloatingPoint+Radians.swift */ = {isa = PBXFileReference; fileEncoding = 4; lastKnownFileType = sourcecode.swift; path = "FloatingPoint+Radians.swift"; sourceTree = "<group>"; };
		05A1D3862173B4D600B614F3 /* LocationNode.swift */ = {isa = PBXFileReference; fileEncoding = 4; lastKnownFileType = sourcecode.swift; path = LocationNode.swift; sourceTree = "<group>"; };
		05A1D3872173B4D600B614F3 /* CGPoint+Extensions.swift */ = {isa = PBXFileReference; fileEncoding = 4; lastKnownFileType = sourcecode.swift; path = "CGPoint+Extensions.swift"; sourceTree = "<group>"; };
		05A1D3882173B4D600B614F3 /* CLLocation+Extensions.swift */ = {isa = PBXFileReference; fileEncoding = 4; lastKnownFileType = sourcecode.swift; path = "CLLocation+Extensions.swift"; sourceTree = "<group>"; };
		05A1D38A2173B4D600B614F3 /* LocationManager.swift */ = {isa = PBXFileReference; fileEncoding = 4; lastKnownFileType = sourcecode.swift; path = LocationManager.swift; sourceTree = "<group>"; };
		05A1D38B2173B4D600B614F3 /* SCNNode+Extensions.swift */ = {isa = PBXFileReference; fileEncoding = 4; lastKnownFileType = sourcecode.swift; path = "SCNNode+Extensions.swift"; sourceTree = "<group>"; };
		05A25A291F785599000CE5DE /* GeoSearch.py */ = {isa = PBXFileReference; lastKnownFileType = text.script.python; path = GeoSearch.py; sourceTree = "<group>"; };
		05A25A2A1F785599000CE5DE /* WikipediaQueries.py */ = {isa = PBXFileReference; lastKnownFileType = text.script.python; path = WikipediaQueries.py; sourceTree = "<group>"; };
		05A25A2B1F785599000CE5DE /* wikisql.py */ = {isa = PBXFileReference; lastKnownFileType = text.script.python; path = wikisql.py; sourceTree = "<group>"; };
		05A25A301F7855D9000CE5DE /* JSONtoSQLite.py */ = {isa = PBXFileReference; lastKnownFileType = text.script.python; path = JSONtoSQLite.py; sourceTree = "<group>"; };
		05A25A311F7855D9000CE5DE /* overpass_query.txt */ = {isa = PBXFileReference; lastKnownFileType = text; path = overpass_query.txt; sourceTree = "<group>"; };
		05AFB9771FCC6AAA0073C42B /* BolognaLocation.gpx */ = {isa = PBXFileReference; lastKnownFileType = text.xml; path = BolognaLocation.gpx; sourceTree = "<group>"; };
		05B7AC8C1EF93BFC001548D2 /* CreditsVC.swift */ = {isa = PBXFileReference; fileEncoding = 4; lastKnownFileType = sourcecode.swift; path = CreditsVC.swift; sourceTree = "<group>"; };
		05C6DA171F9E881C00CD5BFB /* DebugTableVC.swift */ = {isa = PBXFileReference; lastKnownFileType = sourcecode.swift; path = DebugTableVC.swift; sourceTree = "<group>"; };
		05D7EC3E1FBB5F2600693F87 /* Extensions.swift */ = {isa = PBXFileReference; lastKnownFileType = sourcecode.swift; path = Extensions.swift; sourceTree = "<group>"; };
		05E265411F6A8A1600F98222 /* Monuments.csv */ = {isa = PBXFileReference; lastKnownFileType = text; path = Monuments.csv; sourceTree = "<group>"; };
		05E4F1271EBE2AEA00D6EF6C /* FiltriVC.swift */ = {isa = PBXFileReference; fileEncoding = 4; lastKnownFileType = sourcecode.swift; path = FiltriVC.swift; sourceTree = "<group>"; };
		05E4F1291EBE327500D6EF6C /* SegueTransitions.swift */ = {isa = PBXFileReference; fileEncoding = 4; lastKnownFileType = sourcecode.swift; path = SegueTransitions.swift; sourceTree = "<group>"; };
		05E4F12B1EBE397E00D6EF6C /* SettingsVC.swift */ = {isa = PBXFileReference; fileEncoding = 4; lastKnownFileType = sourcecode.swift; path = SettingsVC.swift; sourceTree = "<group>"; };
		05E4F12E1EBE3F8B00D6EF6C /* GradientView.swift */ = {isa = PBXFileReference; fileEncoding = 4; lastKnownFileType = sourcecode.swift; path = GradientView.swift; sourceTree = "<group>"; };
		05FBE78C1EBF7847007CA607 /* AnnotationView.swift */ = {isa = PBXFileReference; fileEncoding = 4; lastKnownFileType = sourcecode.swift; path = AnnotationView.swift; sourceTree = "<group>"; };
/* End PBXFileReference section */

/* Begin PBXFrameworksBuildPhase section */
		052A87501E22665900A3B88F /* Frameworks */ = {
			isa = PBXFrameworksBuildPhase;
			buildActionMask = 2147483647;
			files = (
				0567C85B2173B27C008C4E8D /* AlamofireImage.framework in Frameworks */,
				0559E2481F82EE5800315366 /* SwiftyJSON.framework in Frameworks */,
				057173D91FAB2F460083F583 /* ClusterKit.framework in Frameworks */,
				052EF38A1EE4BF4600D709CB /* Alamofire.framework in Frameworks */,
			);
			runOnlyForDeploymentPostprocessing = 0;
		};
		052A87661E22665A00A3B88F /* Frameworks */ = {
			isa = PBXFrameworksBuildPhase;
			buildActionMask = 2147483647;
			files = (
			);
			runOnlyForDeploymentPostprocessing = 0;
		};
		052A87711E22665A00A3B88F /* Frameworks */ = {
			isa = PBXFrameworksBuildPhase;
			buildActionMask = 2147483647;
			files = (
			);
			runOnlyForDeploymentPostprocessing = 0;
		};
/* End PBXFrameworksBuildPhase section */

/* Begin PBXGroup section */
		052A874A1E22665900A3B88F = {
			isa = PBXGroup;
			children = (
				05666D012173ED550058B533 /* .swiftlint.yml */,
				05AFB9771FCC6AAA0073C42B /* BolognaLocation.gpx */,
				052A87551E22665900A3B88F /* MonumentFinder */,
				0546752D1E28E20900BB370B /* Suport Files */,
				052A876C1E22665A00A3B88F /* MonumentFinderTests */,
				052A87771E22665A00A3B88F /* MonumentFinderUITests */,
				052A87541E22665900A3B88F /* Products */,
				05F7D53F1E2507DE0029A75F /* Frameworks */,
			);
			sourceTree = "<group>";
		};
		052A87541E22665900A3B88F /* Products */ = {
			isa = PBXGroup;
			children = (
				052A87531E22665900A3B88F /* MonumentFinder.app */,
				052A87691E22665A00A3B88F /* MonumentFinderTests.xctest */,
				052A87741E22665A00A3B88F /* MonumentFinderUITests.xctest */,
			);
			name = Products;
			sourceTree = "<group>";
		};
		052A87551E22665900A3B88F /* MonumentFinder */ = {
			isa = PBXGroup;
			children = (
				05D7EC3E1FBB5F2600693F87 /* Extensions.swift */,
				055B5FA71E3E6A9200CF153D /* Global.swift */,
				052A87561E22665900A3B88F /* AppDelegate.swift */,
				051ADEAD1F82BE5D008A6E54 /* DataCollection.swift */,
				056F498B1E269A5600991FDF /* Controllers */,
				056F49881E268AF400991FDF /* Views */,
				05F7D53A1E24FFCC0029A75F /* ViewControllers */,
				052A875C1E22665A00A3B88F /* Main.storyboard */,
				054063331FC615E60028B16F /* LaunchScreen.storyboard */,
				052A87891E22AE2300A3B88F /* Assets.xcassets */,
				052654F41FC3AC760096C243 /* Map_Icons.xcassets */,
				052A87641E22665A00A3B88F /* Info.plist */,
			);
			path = MonumentFinder;
			sourceTree = "<group>";
		};
		052A876C1E22665A00A3B88F /* MonumentFinderTests */ = {
			isa = PBXGroup;
			children = (
				052A876D1E22665A00A3B88F /* MonumentFinderTests.swift */,
				052A876F1E22665A00A3B88F /* Info.plist */,
			);
			path = MonumentFinderTests;
			sourceTree = "<group>";
		};
		052A87771E22665A00A3B88F /* MonumentFinderUITests */ = {
			isa = PBXGroup;
			children = (
				052A87781E22665A00A3B88F /* MonumentFinderUITests.swift */,
				052A877A1E22665A00A3B88F /* Info.plist */,
			);
			path = MonumentFinderUITests;
			sourceTree = "<group>";
		};
		0546752D1E28E20900BB370B /* Suport Files */ = {
			isa = PBXGroup;
			children = (
				0592338E1EF93D6200264267 /* Info_credits.rtf */,
				058F4FBA1EE766D600DB59C1 /* db.sqlite */,
				05E265411F6A8A1600F98222 /* Monuments.csv */,
				0546752B1E28E1FE00BB370B /* MonumentTags.csv */,
				058239DE1F756DE5001A65EE /* TrajanPro-Regular.ttf */,
			);
			name = "Suport Files";
			path = MonumentFinder;
			sourceTree = "<group>";
		};
		056F49881E268AF400991FDF /* Views */ = {
			isa = PBXGroup;
			children = (
				052654F21FC2EC360096C243 /* CustomPOIAnnotationView.swift */,
				05890E691EF2E58800303BA7 /* CustomSearchBar.swift */,
				05774C7D1EF840B60062C70B /* CustomSearchBar.xib */,
				05E4F12E1EBE3F8B00D6EF6C /* GradientView.swift */,
				056F49861E268AE600991FDF /* BubbleView.swift */,
				05FBE78C1EBF7847007CA607 /* AnnotationView.swift */,
				0526961F1F857AE6002E309B /* MNLocationNode.swift */,
				05446AF21EE6F481006E7712 /* Annotation.swift */,
			);
			name = Views;
			sourceTree = "<group>";
		};
		056F498B1E269A5600991FDF /* Controllers */ = {
			isa = PBXGroup;
			children = (
				056F49891E269A4B00991FDF /* CustomSlider.swift */,
				05890E671EF2E4ED00303BA7 /* CustomSearchController.swift */,
				05E4F1291EBE327500D6EF6C /* SegueTransitions.swift */,
			);
			name = Controllers;
			sourceTree = "<group>";
		};
		05A1D3812173B4D600B614F3 /* Source */ = {
			isa = PBXGroup;
			children = (
				0576BFAE2173C3ED003CF1DC /* SceneLocationView.swift */,
				05A1D3822173B4D600B614F3 /* SCNVector3+Extensions.swift */,
				05A1D3832173B4D600B614F3 /* SceneLocationEstimate.swift */,
				05A1D3842173B4D600B614F3 /* SceneLocationEstimate+Extensions.swift */,
				05A1D3852173B4D600B614F3 /* FloatingPoint+Radians.swift */,
				05A1D3862173B4D600B614F3 /* LocationNode.swift */,
				05A1D3872173B4D600B614F3 /* CGPoint+Extensions.swift */,
				05A1D3882173B4D600B614F3 /* CLLocation+Extensions.swift */,
				05A1D38A2173B4D600B614F3 /* LocationManager.swift */,
				05A1D38B2173B4D600B614F3 /* SCNNode+Extensions.swift */,
			);
			name = Source;
			path = Frameworks/ARCL/ARCL/Source;
			sourceTree = "<group>";
		};
		05A25A2F1F7855AD000CE5DE /* Python scripts */ = {
			isa = PBXGroup;
			children = (
				05A25A291F785599000CE5DE /* GeoSearch.py */,
				05A25A2A1F785599000CE5DE /* WikipediaQueries.py */,
				05A25A301F7855D9000CE5DE /* JSONtoSQLite.py */,
				05A25A311F7855D9000CE5DE /* overpass_query.txt */,
				05A25A2B1F785599000CE5DE /* wikisql.py */,
			);
			path = "Python scripts";
			sourceTree = "<group>";
		};
		05F7D53A1E24FFCC0029A75F /* ViewControllers */ = {
			isa = PBXGroup;
			children = (
				050CC1B01FC5E93B00561659 /* SplashScreenVC.swift */,
				051ADEB71F82BEB1008A6E54 /* ViewController.swift */,
				050BA0A11F8674A100814C43 /* ViewController_Extensions.swift */,
				05C6DA171F9E881C00CD5BFB /* DebugTableVC.swift */,
				05E4F1271EBE2AEA00D6EF6C /* FiltriVC.swift */,
				05E4F12B1EBE397E00D6EF6C /* SettingsVC.swift */,
				0553C3B41E3E25C900EB081F /* MapVC.swift */,
				052654F61FC485640096C243 /* MapVC_Extensions.swift */,
				054A3E691EEFE17700378C0F /* SearchVC.swift */,
				05B7AC8C1EF93BFC001548D2 /* CreditsVC.swift */,
				054741981ECA0B260029BE7B /* AnnotationDetailsVC.swift */,
			);
			name = ViewControllers;
			sourceTree = "<group>";
		};
		05F7D53F1E2507DE0029A75F /* Frameworks */ = {
			isa = PBXGroup;
			children = (
				05A1D3812173B4D600B614F3 /* Source */,
				057173D81FAB2F460083F583 /* ClusterKit.framework */,
				0559E2461F82EE5800315366 /* SwiftyJSON.framework */,
				05A25A2F1F7855AD000CE5DE /* Python scripts */,
				052EF3881EE4BF4600D709CB /* Alamofire.framework */,
				052EF3891EE4BF4600D709CB /* AlamofireImage.framework */,
			);
			name = Frameworks;
			sourceTree = "<group>";
		};
/* End PBXGroup section */

/* Begin PBXNativeTarget section */
		052A87521E22665900A3B88F /* MonumentFinder */ = {
			isa = PBXNativeTarget;
			buildConfigurationList = 052A877D1E22665A00A3B88F /* Build configuration list for PBXNativeTarget "MonumentFinder" */;
			buildPhases = (
				052A874F1E22665900A3B88F /* Sources */,
				052A87501E22665900A3B88F /* Frameworks */,
				052A87511E22665900A3B88F /* Resources */,
				05F7D5441E2507E40029A75F /* Embed Frameworks */,
				05666D002173D7A60058B533 /* ShellScript */,
			);
			buildRules = (
			);
			dependencies = (
			);
			name = MonumentFinder;
			productName = MonumentFinder;
			productReference = 052A87531E22665900A3B88F /* MonumentFinder.app */;
			productType = "com.apple.product-type.application";
		};
		052A87681E22665A00A3B88F /* MonumentFinderTests */ = {
			isa = PBXNativeTarget;
			buildConfigurationList = 052A87801E22665A00A3B88F /* Build configuration list for PBXNativeTarget "MonumentFinderTests" */;
			buildPhases = (
				052A87651E22665A00A3B88F /* Sources */,
				052A87661E22665A00A3B88F /* Frameworks */,
				052A87671E22665A00A3B88F /* Resources */,
			);
			buildRules = (
			);
			dependencies = (
				052A876B1E22665A00A3B88F /* PBXTargetDependency */,
			);
			name = MonumentFinderTests;
			productName = MonumentFinderTests;
			productReference = 052A87691E22665A00A3B88F /* MonumentFinderTests.xctest */;
			productType = "com.apple.product-type.bundle.unit-test";
		};
		052A87731E22665A00A3B88F /* MonumentFinderUITests */ = {
			isa = PBXNativeTarget;
			buildConfigurationList = 052A87831E22665A00A3B88F /* Build configuration list for PBXNativeTarget "MonumentFinderUITests" */;
			buildPhases = (
				052A87701E22665A00A3B88F /* Sources */,
				052A87711E22665A00A3B88F /* Frameworks */,
				052A87721E22665A00A3B88F /* Resources */,
			);
			buildRules = (
			);
			dependencies = (
				052A87761E22665A00A3B88F /* PBXTargetDependency */,
			);
			name = MonumentFinderUITests;
			productName = MonumentFinderUITests;
			productReference = 052A87741E22665A00A3B88F /* MonumentFinderUITests.xctest */;
			productType = "com.apple.product-type.bundle.ui-testing";
		};
/* End PBXNativeTarget section */

/* Begin PBXProject section */
		052A874B1E22665900A3B88F /* Project object */ = {
			isa = PBXProject;
			attributes = {
				LastSwiftUpdateCheck = 0820;
				LastUpgradeCheck = 0930;
				ORGANIZATIONNAME = "Jacopo Gasparetto";
				TargetAttributes = {
					052A87521E22665900A3B88F = {
						CreatedOnToolsVersion = 8.2.1;
						DevelopmentTeam = 98BTLNKE6U;
						LastSwiftMigration = 0900;
						ProvisioningStyle = Automatic;
						SystemCapabilities = {
							com.apple.Maps.iOS = {
								enabled = 0;
							};
						};
					};
					052A87681E22665A00A3B88F = {
						CreatedOnToolsVersion = 8.2.1;
						DevelopmentTeam = 98BTLNKE6U;
						LastSwiftMigration = 0900;
						ProvisioningStyle = Automatic;
						TestTargetID = 052A87521E22665900A3B88F;
					};
					052A87731E22665A00A3B88F = {
						CreatedOnToolsVersion = 8.2.1;
						DevelopmentTeam = 98BTLNKE6U;
						LastSwiftMigration = 0900;
						ProvisioningStyle = Automatic;
						TestTargetID = 052A87521E22665900A3B88F;
					};
				};
			};
			buildConfigurationList = 052A874E1E22665900A3B88F /* Build configuration list for PBXProject "MonumentFinder" */;
			compatibilityVersion = "Xcode 3.2";
			developmentRegion = English;
			hasScannedForEncodings = 0;
			knownRegions = (
				en,
				Base,
			);
			mainGroup = 052A874A1E22665900A3B88F;
			productRefGroup = 052A87541E22665900A3B88F /* Products */;
			projectDirPath = "";
			projectRoot = "";
			targets = (
				052A87521E22665900A3B88F /* MonumentFinder */,
				052A87681E22665A00A3B88F /* MonumentFinderTests */,
				052A87731E22665A00A3B88F /* MonumentFinderUITests */,
			);
		};
/* End PBXProject section */

/* Begin PBXResourcesBuildPhase section */
		052A87511E22665900A3B88F /* Resources */ = {
			isa = PBXResourcesBuildPhase;
			buildActionMask = 2147483647;
			files = (
				0546752C1E28E1FE00BB370B /* MonumentTags.csv in Resources */,
				054063341FC615E60028B16F /* LaunchScreen.storyboard in Resources */,
				0592338F1EF93D6200264267 /* Info_credits.rtf in Resources */,
				05774C7E1EF840B60062C70B /* CustomSearchBar.xib in Resources */,
				052654F51FC3AC760096C243 /* Map_Icons.xcassets in Resources */,
				058239DF1F756E0F001A65EE /* TrajanPro-Regular.ttf in Resources */,
				052A878A1E22AE2300A3B88F /* Assets.xcassets in Resources */,
				052A875E1E22665A00A3B88F /* Main.storyboard in Resources */,
				05E265461F6AB35500F98222 /* Monuments.csv in Resources */,
				058F4FBB1EE766D600DB59C1 /* db.sqlite in Resources */,
				05666D022173ED550058B533 /* .swiftlint.yml in Resources */,
			);
			runOnlyForDeploymentPostprocessing = 0;
		};
		052A87671E22665A00A3B88F /* Resources */ = {
			isa = PBXResourcesBuildPhase;
			buildActionMask = 2147483647;
			files = (
			);
			runOnlyForDeploymentPostprocessing = 0;
		};
		052A87721E22665A00A3B88F /* Resources */ = {
			isa = PBXResourcesBuildPhase;
			buildActionMask = 2147483647;
			files = (
			);
			runOnlyForDeploymentPostprocessing = 0;
		};
/* End PBXResourcesBuildPhase section */

/* Begin PBXShellScriptBuildPhase section */
		05666D002173D7A60058B533 /* ShellScript */ = {
			isa = PBXShellScriptBuildPhase;
			buildActionMask = 2147483647;
			files = (
			);
			inputFileListPaths = (
			);
			inputPaths = (
			);
			outputFileListPaths = (
			);
			outputPaths = (
			);
			runOnlyForDeploymentPostprocessing = 0;
			shellPath = /bin/sh;
			shellScript = "if which swiftlint >/dev/null; then\nswiftlint\nelse\necho \"warning: SwiftLint not installed, download from https://github.com/realm/SwiftLint\"\nfi\n";
		};
/* End PBXShellScriptBuildPhase section */

/* Begin PBXSourcesBuildPhase section */
		052A874F1E22665900A3B88F /* Sources */ = {
			isa = PBXSourcesBuildPhase;
			buildActionMask = 2147483647;
			files = (
				051ADEBA1F82BFE8008A6E54 /* DataCollection.swift in Sources */,
				050CC1B11FC5E93B00561659 /* SplashScreenVC.swift in Sources */,
				05A1D3912173B4D600B614F3 /* CGPoint+Extensions.swift in Sources */,
				052654F71FC485640096C243 /* MapVC_Extensions.swift in Sources */,
				052654F31FC2EC360096C243 /* CustomPOIAnnotationView.swift in Sources */,
				052696201F857AE6002E309B /* MNLocationNode.swift in Sources */,
				056F498A1E269A4B00991FDF /* CustomSlider.swift in Sources */,
				05446AF31EE6F481006E7712 /* Annotation.swift in Sources */,
				052A87571E22665900A3B88F /* AppDelegate.swift in Sources */,
				05E4F1281EBE2AEA00D6EF6C /* FiltriVC.swift in Sources */,
				051ADEB81F82BEB1008A6E54 /* ViewController.swift in Sources */,
				054741991ECA0B260029BE7B /* AnnotationDetailsVC.swift in Sources */,
				05A1D3952173B4D600B614F3 /* SCNNode+Extensions.swift in Sources */,
				05A1D38F2173B4D600B614F3 /* FloatingPoint+Radians.swift in Sources */,
				054A3E6A1EEFE17700378C0F /* SearchVC.swift in Sources */,
				05E4F12C1EBE397E00D6EF6C /* SettingsVC.swift in Sources */,
				05E4F12F1EBE3F8B00D6EF6C /* GradientView.swift in Sources */,
				05890E6A1EF2E58800303BA7 /* CustomSearchBar.swift in Sources */,
				05A1D3942173B4D600B614F3 /* LocationManager.swift in Sources */,
				05890E681EF2E4ED00303BA7 /* CustomSearchController.swift in Sources */,
				05A1D3902173B4D600B614F3 /* LocationNode.swift in Sources */,
				05A1D38E2173B4D600B614F3 /* SceneLocationEstimate+Extensions.swift in Sources */,
				055B5FA81E3E6A9200CF153D /* Global.swift in Sources */,
				05E4F12A1EBE327500D6EF6C /* SegueTransitions.swift in Sources */,
				05C6DA181F9E881C00CD5BFB /* DebugTableVC.swift in Sources */,
				05A1D38C2173B4D600B614F3 /* SCNVector3+Extensions.swift in Sources */,
				0553C3B51E3E25C900EB081F /* MapVC.swift in Sources */,
				05FBE78D1EBF7847007CA607 /* AnnotationView.swift in Sources */,
				05D7EC3F1FBB5F2700693F87 /* Extensions.swift in Sources */,
				05B7AC8D1EF93BFC001548D2 /* CreditsVC.swift in Sources */,
				05A1D38D2173B4D600B614F3 /* SceneLocationEstimate.swift in Sources */,
				0576BFAF2173C3ED003CF1DC /* SceneLocationView.swift in Sources */,
				050BA0A21F8674A100814C43 /* ViewController_Extensions.swift in Sources */,
				05A1D3922173B4D600B614F3 /* CLLocation+Extensions.swift in Sources */,
				056F49871E268AE600991FDF /* BubbleView.swift in Sources */,
			);
			runOnlyForDeploymentPostprocessing = 0;
		};
		052A87651E22665A00A3B88F /* Sources */ = {
			isa = PBXSourcesBuildPhase;
			buildActionMask = 2147483647;
			files = (
				052A876E1E22665A00A3B88F /* MonumentFinderTests.swift in Sources */,
			);
			runOnlyForDeploymentPostprocessing = 0;
		};
		052A87701E22665A00A3B88F /* Sources */ = {
			isa = PBXSourcesBuildPhase;
			buildActionMask = 2147483647;
			files = (
				052A87791E22665A00A3B88F /* MonumentFinderUITests.swift in Sources */,
			);
			runOnlyForDeploymentPostprocessing = 0;
		};
/* End PBXSourcesBuildPhase section */

/* Begin PBXTargetDependency section */
		052A876B1E22665A00A3B88F /* PBXTargetDependency */ = {
			isa = PBXTargetDependency;
			target = 052A87521E22665900A3B88F /* MonumentFinder */;
			targetProxy = 052A876A1E22665A00A3B88F /* PBXContainerItemProxy */;
		};
		052A87761E22665A00A3B88F /* PBXTargetDependency */ = {
			isa = PBXTargetDependency;
			target = 052A87521E22665900A3B88F /* MonumentFinder */;
			targetProxy = 052A87751E22665A00A3B88F /* PBXContainerItemProxy */;
		};
/* End PBXTargetDependency section */

/* Begin PBXVariantGroup section */
		052A875C1E22665A00A3B88F /* Main.storyboard */ = {
			isa = PBXVariantGroup;
			children = (
				052A875D1E22665A00A3B88F /* Base */,
			);
			name = Main.storyboard;
			sourceTree = "<group>";
		};
/* End PBXVariantGroup section */

/* Begin XCBuildConfiguration section */
		052A877B1E22665A00A3B88F /* Debug */ = {
			isa = XCBuildConfiguration;
			buildSettings = {
				ALWAYS_SEARCH_USER_PATHS = NO;
				CLANG_ANALYZER_NONNULL = YES;
				CLANG_CXX_LANGUAGE_STANDARD = "gnu++0x";
				CLANG_CXX_LIBRARY = "libc++";
				CLANG_ENABLE_MODULES = YES;
				CLANG_ENABLE_OBJC_ARC = YES;
				CLANG_WARN_BLOCK_CAPTURE_AUTORELEASING = YES;
				CLANG_WARN_BOOL_CONVERSION = YES;
				CLANG_WARN_COMMA = YES;
				CLANG_WARN_CONSTANT_CONVERSION = YES;
				CLANG_WARN_DEPRECATED_OBJC_IMPLEMENTATIONS = YES;
				CLANG_WARN_DIRECT_OBJC_ISA_USAGE = YES_ERROR;
				CLANG_WARN_DOCUMENTATION_COMMENTS = YES;
				CLANG_WARN_EMPTY_BODY = YES;
				CLANG_WARN_ENUM_CONVERSION = YES;
				CLANG_WARN_INFINITE_RECURSION = YES;
				CLANG_WARN_INT_CONVERSION = YES;
				CLANG_WARN_NON_LITERAL_NULL_CONVERSION = YES;
				CLANG_WARN_OBJC_IMPLICIT_RETAIN_SELF = YES;
				CLANG_WARN_OBJC_LITERAL_CONVERSION = YES;
				CLANG_WARN_OBJC_ROOT_CLASS = YES_ERROR;
				CLANG_WARN_RANGE_LOOP_ANALYSIS = YES;
				CLANG_WARN_STRICT_PROTOTYPES = YES;
				CLANG_WARN_SUSPICIOUS_MOVE = YES;
				CLANG_WARN_UNREACHABLE_CODE = YES;
				CLANG_WARN__DUPLICATE_METHOD_MATCH = YES;
				"CODE_SIGN_IDENTITY[sdk=iphoneos*]" = "iPhone Developer";
				COPY_PHASE_STRIP = NO;
				DEBUG_INFORMATION_FORMAT = dwarf;
				ENABLE_STRICT_OBJC_MSGSEND = YES;
				ENABLE_TESTABILITY = YES;
				GCC_C_LANGUAGE_STANDARD = gnu99;
				GCC_DYNAMIC_NO_PIC = NO;
				GCC_NO_COMMON_BLOCKS = YES;
				GCC_OPTIMIZATION_LEVEL = 0;
				GCC_PREPROCESSOR_DEFINITIONS = (
					"DEBUG=1",
					"$(inherited)",
				);
				GCC_WARN_64_TO_32_BIT_CONVERSION = YES;
				GCC_WARN_ABOUT_RETURN_TYPE = YES_ERROR;
				GCC_WARN_UNDECLARED_SELECTOR = YES;
				GCC_WARN_UNINITIALIZED_AUTOS = YES_AGGRESSIVE;
				GCC_WARN_UNUSED_FUNCTION = YES;
				GCC_WARN_UNUSED_VARIABLE = YES;
				IPHONEOS_DEPLOYMENT_TARGET = 10.2;
				MTL_ENABLE_DEBUG_INFO = YES;
				ONLY_ACTIVE_ARCH = YES;
				SDKROOT = iphoneos;
				SWIFT_ACTIVE_COMPILATION_CONDITIONS = DEBUG;
				SWIFT_OPTIMIZATION_LEVEL = "-Onone";
				TARGETED_DEVICE_FAMILY = "1,2";
			};
			name = Debug;
		};
		052A877C1E22665A00A3B88F /* Release */ = {
			isa = XCBuildConfiguration;
			buildSettings = {
				ALWAYS_SEARCH_USER_PATHS = NO;
				CLANG_ANALYZER_NONNULL = YES;
				CLANG_CXX_LANGUAGE_STANDARD = "gnu++0x";
				CLANG_CXX_LIBRARY = "libc++";
				CLANG_ENABLE_MODULES = YES;
				CLANG_ENABLE_OBJC_ARC = YES;
				CLANG_WARN_BLOCK_CAPTURE_AUTORELEASING = YES;
				CLANG_WARN_BOOL_CONVERSION = YES;
				CLANG_WARN_COMMA = YES;
				CLANG_WARN_CONSTANT_CONVERSION = YES;
				CLANG_WARN_DEPRECATED_OBJC_IMPLEMENTATIONS = YES;
				CLANG_WARN_DIRECT_OBJC_ISA_USAGE = YES_ERROR;
				CLANG_WARN_DOCUMENTATION_COMMENTS = YES;
				CLANG_WARN_EMPTY_BODY = YES;
				CLANG_WARN_ENUM_CONVERSION = YES;
				CLANG_WARN_INFINITE_RECURSION = YES;
				CLANG_WARN_INT_CONVERSION = YES;
				CLANG_WARN_NON_LITERAL_NULL_CONVERSION = YES;
				CLANG_WARN_OBJC_IMPLICIT_RETAIN_SELF = YES;
				CLANG_WARN_OBJC_LITERAL_CONVERSION = YES;
				CLANG_WARN_OBJC_ROOT_CLASS = YES_ERROR;
				CLANG_WARN_RANGE_LOOP_ANALYSIS = YES;
				CLANG_WARN_STRICT_PROTOTYPES = YES;
				CLANG_WARN_SUSPICIOUS_MOVE = YES;
				CLANG_WARN_UNREACHABLE_CODE = YES;
				CLANG_WARN__DUPLICATE_METHOD_MATCH = YES;
				"CODE_SIGN_IDENTITY[sdk=iphoneos*]" = "iPhone Developer";
				COPY_PHASE_STRIP = NO;
				DEBUG_INFORMATION_FORMAT = "dwarf-with-dsym";
				ENABLE_NS_ASSERTIONS = NO;
				ENABLE_STRICT_OBJC_MSGSEND = YES;
				GCC_C_LANGUAGE_STANDARD = gnu99;
				GCC_NO_COMMON_BLOCKS = YES;
				GCC_WARN_64_TO_32_BIT_CONVERSION = YES;
				GCC_WARN_ABOUT_RETURN_TYPE = YES_ERROR;
				GCC_WARN_UNDECLARED_SELECTOR = YES;
				GCC_WARN_UNINITIALIZED_AUTOS = YES_AGGRESSIVE;
				GCC_WARN_UNUSED_FUNCTION = YES;
				GCC_WARN_UNUSED_VARIABLE = YES;
				IPHONEOS_DEPLOYMENT_TARGET = 10.2;
				MTL_ENABLE_DEBUG_INFO = NO;
				SDKROOT = iphoneos;
				SWIFT_OPTIMIZATION_LEVEL = "-Owholemodule";
				TARGETED_DEVICE_FAMILY = "1,2";
				VALIDATE_PRODUCT = YES;
			};
			name = Release;
		};
		052A877E1E22665A00A3B88F /* Debug */ = {
			isa = XCBuildConfiguration;
			buildSettings = {
				ASSETCATALOG_COMPILER_APPICON_NAME = AppIcon;
				CODE_SIGN_IDENTITY = "iPhone Developer";
				"CODE_SIGN_IDENTITY[sdk=iphoneos*]" = "iPhone Developer";
				DEVELOPMENT_TEAM = 98BTLNKE6U;
				FRAMEWORK_SEARCH_PATHS = (
					"$(inherited)",
					"$(PROJECT_DIR)/Carthage/Build/iOS",
					"$(PROJECT_DIR)",
				);
				INFOPLIST_FILE = MonumentFinder/Info.plist;
				LD_RUNPATH_SEARCH_PATHS = "$(inherited) @executable_path/Frameworks";
				ONLY_ACTIVE_ARCH = NO;
				PRODUCT_BUNDLE_IDENTIFIER = com.chioma.Monuments;
				PRODUCT_NAME = "$(TARGET_NAME)";
				PROVISIONING_PROFILE_SPECIFIER = "";
				SWIFT_SWIFT3_OBJC_INFERENCE = Default;
				SWIFT_VERSION = 4.0;
				TARGETED_DEVICE_FAMILY = 1;
				VALID_ARCHS = "$(ARCHS_STANDARD)";
			};
			name = Debug;
		};
		052A877F1E22665A00A3B88F /* Release */ = {
			isa = XCBuildConfiguration;
			buildSettings = {
				ASSETCATALOG_COMPILER_APPICON_NAME = AppIcon;
				CODE_SIGN_IDENTITY = "iPhone Developer";
				"CODE_SIGN_IDENTITY[sdk=iphoneos*]" = "iPhone Developer";
				DEVELOPMENT_TEAM = 98BTLNKE6U;
				FRAMEWORK_SEARCH_PATHS = (
					"$(inherited)",
					"$(PROJECT_DIR)/Carthage/Build/iOS",
					"$(PROJECT_DIR)",
				);
				INFOPLIST_FILE = MonumentFinder/Info.plist;
				LD_RUNPATH_SEARCH_PATHS = "$(inherited) @executable_path/Frameworks";
				PRODUCT_BUNDLE_IDENTIFIER = com.chioma.Monuments;
				PRODUCT_NAME = "$(TARGET_NAME)";
				PROVISIONING_PROFILE_SPECIFIER = "";
				SWIFT_SWIFT3_OBJC_INFERENCE = Default;
				SWIFT_VERSION = 4.0;
				TARGETED_DEVICE_FAMILY = 1;
				VALID_ARCHS = "$(ARCHS_STANDARD)";
			};
			name = Release;
		};
		052A87811E22665A00A3B88F /* Debug */ = {
			isa = XCBuildConfiguration;
			buildSettings = {
				ALWAYS_EMBED_SWIFT_STANDARD_LIBRARIES = YES;
				BUNDLE_LOADER = "$(TEST_HOST)";
				DEVELOPMENT_TEAM = 98BTLNKE6U;
				INFOPLIST_FILE = MonumentFinderTests/Info.plist;
				LD_RUNPATH_SEARCH_PATHS = "$(inherited) @executable_path/Frameworks @loader_path/Frameworks";
				PRODUCT_BUNDLE_IDENTIFIER = "Jacopo-Gasparetto.MonumentFinderTests";
				PRODUCT_NAME = "$(TARGET_NAME)";
				SWIFT_SWIFT3_OBJC_INFERENCE = Default;
				SWIFT_VERSION = 4.0;
				TEST_HOST = "$(BUILT_PRODUCTS_DIR)/MonumentFinder.app/MonumentFinder";
			};
			name = Debug;
		};
		052A87821E22665A00A3B88F /* Release */ = {
			isa = XCBuildConfiguration;
			buildSettings = {
				ALWAYS_EMBED_SWIFT_STANDARD_LIBRARIES = YES;
				BUNDLE_LOADER = "$(TEST_HOST)";
				DEVELOPMENT_TEAM = 98BTLNKE6U;
				INFOPLIST_FILE = MonumentFinderTests/Info.plist;
				LD_RUNPATH_SEARCH_PATHS = "$(inherited) @executable_path/Frameworks @loader_path/Frameworks";
				PRODUCT_BUNDLE_IDENTIFIER = "Jacopo-Gasparetto.MonumentFinderTests";
				PRODUCT_NAME = "$(TARGET_NAME)";
				SWIFT_SWIFT3_OBJC_INFERENCE = Default;
				SWIFT_VERSION = 4.0;
				TEST_HOST = "$(BUILT_PRODUCTS_DIR)/MonumentFinder.app/MonumentFinder";
			};
			name = Release;
		};
		052A87841E22665A00A3B88F /* Debug */ = {
			isa = XCBuildConfiguration;
			buildSettings = {
				ALWAYS_EMBED_SWIFT_STANDARD_LIBRARIES = YES;
				DEVELOPMENT_TEAM = 98BTLNKE6U;
				INFOPLIST_FILE = MonumentFinderUITests/Info.plist;
				LD_RUNPATH_SEARCH_PATHS = "$(inherited) @executable_path/Frameworks @loader_path/Frameworks";
				PRODUCT_BUNDLE_IDENTIFIER = "Jacopo-Gasparetto.MonumentFinderUITests";
				PRODUCT_NAME = "$(TARGET_NAME)";
				SWIFT_SWIFT3_OBJC_INFERENCE = Default;
				SWIFT_VERSION = 4.0;
				TEST_TARGET_NAME = MonumentFinder;
			};
			name = Debug;
		};
		052A87851E22665A00A3B88F /* Release */ = {
			isa = XCBuildConfiguration;
			buildSettings = {
				ALWAYS_EMBED_SWIFT_STANDARD_LIBRARIES = YES;
				DEVELOPMENT_TEAM = 98BTLNKE6U;
				INFOPLIST_FILE = MonumentFinderUITests/Info.plist;
				LD_RUNPATH_SEARCH_PATHS = "$(inherited) @executable_path/Frameworks @loader_path/Frameworks";
				PRODUCT_BUNDLE_IDENTIFIER = "Jacopo-Gasparetto.MonumentFinderUITests";
				PRODUCT_NAME = "$(TARGET_NAME)";
				SWIFT_SWIFT3_OBJC_INFERENCE = Default;
				SWIFT_VERSION = 4.0;
				TEST_TARGET_NAME = MonumentFinder;
			};
			name = Release;
		};
/* End XCBuildConfiguration section */

/* Begin XCConfigurationList section */
		052A874E1E22665900A3B88F /* Build configuration list for PBXProject "MonumentFinder" */ = {
			isa = XCConfigurationList;
			buildConfigurations = (
				052A877B1E22665A00A3B88F /* Debug */,
				052A877C1E22665A00A3B88F /* Release */,
			);
			defaultConfigurationIsVisible = 0;
			defaultConfigurationName = Release;
		};
		052A877D1E22665A00A3B88F /* Build configuration list for PBXNativeTarget "MonumentFinder" */ = {
			isa = XCConfigurationList;
			buildConfigurations = (
				052A877E1E22665A00A3B88F /* Debug */,
				052A877F1E22665A00A3B88F /* Release */,
			);
			defaultConfigurationIsVisible = 0;
			defaultConfigurationName = Release;
		};
		052A87801E22665A00A3B88F /* Build configuration list for PBXNativeTarget "MonumentFinderTests" */ = {
			isa = XCConfigurationList;
			buildConfigurations = (
				052A87811E22665A00A3B88F /* Debug */,
				052A87821E22665A00A3B88F /* Release */,
			);
			defaultConfigurationIsVisible = 0;
			defaultConfigurationName = Release;
		};
		052A87831E22665A00A3B88F /* Build configuration list for PBXNativeTarget "MonumentFinderUITests" */ = {
			isa = XCConfigurationList;
			buildConfigurations = (
				052A87841E22665A00A3B88F /* Debug */,
				052A87851E22665A00A3B88F /* Release */,
			);
			defaultConfigurationIsVisible = 0;
			defaultConfigurationName = Release;
		};
/* End XCConfigurationList section */
	};
	rootObject = 052A874B1E22665900A3B88F /* Project object */;
}
