{
  "object": {
    "pins": [
      {
        "package": "SwiftyBeaver",
        "repositoryURL": "https://github.com/SwiftyBeaver/SwiftyBeaver.git",
        "state": {
          "branch": null,
          "revision": "d215a5c97ff9695f4de18a114e760a63a19eb80a",
          "version": "1.8.2"
        }
      }
    ]
  },
  "version": 1
}
