// !$*UTF8*$!
{
	archiveVersion = 1;
	classes = {
	};
	objectVersion = 52;
	objects = {

/* Begin PBXBuildFile section */
		0517209B236713D10080A292 /* OvalMapView.swift in Sources */ = {isa = PBXBuildFile; fileRef = 0517209A236713D10080A292 /* OvalMapView.swift */; };
		051A4F95235F0BF5004A18D7 /* AttributedType.swift in Sources */ = {isa = PBXBuildFile; fileRef = 051A4F94235F0BF4004A18D7 /* AttributedType.swift */; };
		052126B5255B0BCE004618B0 /* SwiftyBeaver in Frameworks */ = {isa = PBXBuildFile; productRef = 0599411F234672CB008BAA3B /* SwiftyBeaver */; };
		052126BA255B170C004618B0 /* MapIcons.xcassets in Resources */ = {isa = PBXBuildFile; fileRef = 052126B9255B170C004618B0 /* MapIcons.xcassets */; };
		0521CF27234E1CB7008026B0 /* SettingsIcons.xcassets in Resources */ = {isa = PBXBuildFile; fileRef = 0521CF26234E1CB7008026B0 /* SettingsIcons.xcassets */; };
		0521CF2D234F40DA008026B0 /* OnboardSlide.xib in Resources */ = {isa = PBXBuildFile; fileRef = 0521CF2C234F40DA008026B0 /* OnboardSlide.xib */; };
		0521CF2F234F4355008026B0 /* OnboardSlide.swift in Sources */ = {isa = PBXBuildFile; fileRef = 0521CF2E234F4355008026B0 /* OnboardSlide.swift */; };
		0525E8C4226D072D006B539C /* config.plist in Resources */ = {isa = PBXBuildFile; fileRef = 0525E8C3226D072D006B539C /* config.plist */; };
		0525E8C6226D0883006B539C /* EnvironmentConfiguration.swift in Sources */ = {isa = PBXBuildFile; fileRef = 0525E8C5226D0883006B539C /* EnvironmentConfiguration.swift */; };
		052D562025233AB9006ED1B9 /* MapViewController.swift in Sources */ = {isa = PBXBuildFile; fileRef = 052D561F25233AB9006ED1B9 /* MapViewController.swift */; };
		052D56252523429B006ED1B9 /* ClusterAnnotationView.swift in Sources */ = {isa = PBXBuildFile; fileRef = 052D56242523429B006ED1B9 /* ClusterAnnotationView.swift */; };
		0531B99925061EE30067C52B /* SceneDelegate.swift in Sources */ = {isa = PBXBuildFile; fileRef = 0531B99825061EE30067C52B /* SceneDelegate.swift */; };
		0535032323460E4600A334F8 /* MonumentCategories.plist in Resources */ = {isa = PBXBuildFile; fileRef = 0535032223460E4600A334F8 /* MonumentCategories.plist */; };
		053AEDE92344A54700E560D7 /* MNCategory.swift in Sources */ = {isa = PBXBuildFile; fileRef = 053AEDE82344A54700E560D7 /* MNCategory.swift */; };
		0542142924CF3B8B00EDC52D /* Balloon.swift in Sources */ = {isa = PBXBuildFile; fileRef = 0542142824CF3B8B00EDC52D /* Balloon.swift */; };
		054F1A0A24436D3900EC3F49 /* TrajanPro-Regular.ttf in Resources */ = {isa = PBXBuildFile; fileRef = 05672BDD2269F15500935E8D /* TrajanPro-Regular.ttf */; };
		055B2CED24DB1B0F008C7535 /* SettingsView.swift in Sources */ = {isa = PBXBuildFile; fileRef = 055B2CEC24DB1B0F008C7535 /* SettingsView.swift */; };
		056025262269EBEC0055C122 /* AppDelegate.swift in Sources */ = {isa = PBXBuildFile; fileRef = 056025252269EBEC0055C122 /* AppDelegate.swift */; };
		0560252D2269EBEE0055C122 /* Assets.xcassets in Resources */ = {isa = PBXBuildFile; fileRef = 0560252C2269EBEE0055C122 /* Assets.xcassets */; };
		056025302269EBEE0055C122 /* LaunchScreen.storyboard in Resources */ = {isa = PBXBuildFile; fileRef = 0560252E2269EBEE0055C122 /* LaunchScreen.storyboard */; };
		05672BBB2269ECF500935E8D /* Info_credits.rtf in Resources */ = {isa = PBXBuildFile; fileRef = 0592338E1EF93D6200264267 /* Info_credits.rtf */; };
		05672BBD2269ECF500935E8D /* Monuments.csv in Resources */ = {isa = PBXBuildFile; fileRef = 05E265411F6A8A1600F98222 /* Monuments.csv */; };
		05672BBE2269ECF500935E8D /* MonumentTags.csv in Resources */ = {isa = PBXBuildFile; fileRef = 0546752B1E28E1FE00BB370B /* MonumentTags.csv */; };
		05672BEA2269F2C900935E8D /* Global.swift in Sources */ = {isa = PBXBuildFile; fileRef = 05672BE82269F2C900935E8D /* Global.swift */; };
		05672BEE2269F2D300935E8D /* MNLocationNode.swift in Sources */ = {isa = PBXBuildFile; fileRef = 05672BEC2269F2D300935E8D /* MNLocationNode.swift */; };
		05672BF92269F2FA00935E8D /* Extensions.swift in Sources */ = {isa = PBXBuildFile; fileRef = 05672BF62269F2FA00935E8D /* Extensions.swift */; };
		0569FFE82455D17A004BDEBB /* Protocols.swift in Sources */ = {isa = PBXBuildFile; fileRef = 0569FFE72455D17A004BDEBB /* Protocols.swift */; };
		05790DB924E0010F00412CDF /* Utils.swift in Sources */ = {isa = PBXBuildFile; fileRef = 05790DB824E0010F00412CDF /* Utils.swift */; };
		05790DBB24E0070100412CDF /* UserSettings.swift in Sources */ = {isa = PBXBuildFile; fileRef = 05790DBA24E0070100412CDF /* UserSettings.swift */; };
		05790DBD24E00E2100412CDF /* RightDrawer.swift in Sources */ = {isa = PBXBuildFile; fileRef = 05790DBC24E00E2100412CDF /* RightDrawer.swift */; };
		05790DC424E0237C00412CDF /* Localizable.strings in Resources */ = {isa = PBXBuildFile; fileRef = 05790DC624E0237C00412CDF /* Localizable.strings */; };
		057BFAE9233CB23B003350E0 /* AnnotationIcons.xcassets in Resources */ = {isa = PBXBuildFile; fileRef = 057BFAE8233CB23B003350E0 /* AnnotationIcons.xcassets */; };
		0589882925165D7F00AA3CA3 /* AsyncImageLoader.swift in Sources */ = {isa = PBXBuildFile; fileRef = 0589882825165D7E00AA3CA3 /* AsyncImageLoader.swift */; };
		059049B424D43B7600BF5445 /* CreditsView.swift in Sources */ = {isa = PBXBuildFile; fileRef = 059049B324D43B7600BF5445 /* CreditsView.swift */; };
		0597C7D3250125570044865E /* Monument.swift in Sources */ = {isa = PBXBuildFile; fileRef = 0597C7D2250125570044865E /* Monument.swift */; };
		0598E5382350C3B700D96F0C /* OnboardViewController.swift in Sources */ = {isa = PBXBuildFile; fileRef = 0598E5372350C3B700D96F0C /* OnboardViewController.swift */; };
		05B3FE862349DCF1002D1C5C /* StringExtensions.swift in Sources */ = {isa = PBXBuildFile; fileRef = 05B3FE852349DCF1002D1C5C /* StringExtensions.swift */; };
		05BCFB3A23325E3800FB9E7B /* ScalingScheme.swift in Sources */ = {isa = PBXBuildFile; fileRef = 05BCFB2623325E3800FB9E7B /* ScalingScheme.swift */; };
		05BCFB3B23325E3800FB9E7B /* LocationNode.swift in Sources */ = {isa = PBXBuildFile; fileRef = 05BCFB2723325E3800FB9E7B /* LocationNode.swift */; };
		05BCFB3C23325E3800FB9E7B /* PolylineNode.swift in Sources */ = {isa = PBXBuildFile; fileRef = 05BCFB2823325E3800FB9E7B /* PolylineNode.swift */; };
		05BCFB3D23325E3800FB9E7B /* LocationAnnotationNode.swift in Sources */ = {isa = PBXBuildFile; fileRef = 05BCFB2923325E3800FB9E7B /* LocationAnnotationNode.swift */; };
		05BCFB3E23325E3800FB9E7B /* SceneLocationView+ARSCNViewDelegate.swift in Sources */ = {isa = PBXBuildFile; fileRef = 05BCFB2A23325E3800FB9E7B /* SceneLocationView+ARSCNViewDelegate.swift */; };
		05BCFB3F23325E3800FB9E7B /* SceneLocationEstimate.swift in Sources */ = {isa = PBXBuildFile; fileRef = 05BCFB2C23325E3800FB9E7B /* SceneLocationEstimate.swift */; };
		05BCFB4023325E3800FB9E7B /* SceneLocationEstimate+Extensions.swift in Sources */ = {isa = PBXBuildFile; fileRef = 05BCFB2D23325E3800FB9E7B /* SceneLocationEstimate+Extensions.swift */; };
		05BCFB4123325E3800FB9E7B /* SceneLocationManager.swift in Sources */ = {isa = PBXBuildFile; fileRef = 05BCFB2E23325E3800FB9E7B /* SceneLocationManager.swift */; };
		05BCFB4223325E3800FB9E7B /* LocationManager.swift in Sources */ = {isa = PBXBuildFile; fileRef = 05BCFB2F23325E3800FB9E7B /* LocationManager.swift */; };
		05BCFB4323325E3800FB9E7B /* SCNVector3+Extensions.swift in Sources */ = {isa = PBXBuildFile; fileRef = 05BCFB3123325E3800FB9E7B /* SCNVector3+Extensions.swift */; };
		05BCFB4423325E3800FB9E7B /* FloatingPoint+Radians.swift in Sources */ = {isa = PBXBuildFile; fileRef = 05BCFB3223325E3800FB9E7B /* FloatingPoint+Radians.swift */; };
		05BCFB4523325E3800FB9E7B /* BaseTypes+Extensions.swift in Sources */ = {isa = PBXBuildFile; fileRef = 05BCFB3323325E3800FB9E7B /* BaseTypes+Extensions.swift */; };
		05BCFB4623325E3800FB9E7B /* CGPoint+Extensions.swift in Sources */ = {isa = PBXBuildFile; fileRef = 05BCFB3423325E3800FB9E7B /* CGPoint+Extensions.swift */; };
		05BCFB4723325E3800FB9E7B /* CLLocation+Extensions.swift in Sources */ = {isa = PBXBuildFile; fileRef = 05BCFB3523325E3800FB9E7B /* CLLocation+Extensions.swift */; };
		05BCFB4823325E3800FB9E7B /* SCNNode+Extensions.swift in Sources */ = {isa = PBXBuildFile; fileRef = 05BCFB3623325E3800FB9E7B /* SCNNode+Extensions.swift */; };
		05BCFB4923325E3800FB9E7B /* ARKit_CoreLocation.swift in Sources */ = {isa = PBXBuildFile; fileRef = 05BCFB3723325E3800FB9E7B /* ARKit_CoreLocation.swift */; };
		05BCFB4A23325E3800FB9E7B /* SceneLocationView.swift in Sources */ = {isa = PBXBuildFile; fileRef = 05BCFB3823325E3800FB9E7B /* SceneLocationView.swift */; };
		05BCFB4B23325E3800FB9E7B /* SceneLocationViewEstimateDelegate.swift in Sources */ = {isa = PBXBuildFile; fileRef = 05BCFB3923325E3800FB9E7B /* SceneLocationViewEstimateDelegate.swift */; };
		05C01CD224B441F900ADB026 /* WikipediaDetailView.swift in Sources */ = {isa = PBXBuildFile; fileRef = 05C01CD124B441F900ADB026 /* WikipediaDetailView.swift */; };
		05C6C03824D1960A00F1C31C /* Constants.swift in Sources */ = {isa = PBXBuildFile; fileRef = 05C6C03724D1960A00F1C31C /* Constants.swift */; };
		05C6F44124DE0403007B18CB /* VisibilitySlider.swift in Sources */ = {isa = PBXBuildFile; fileRef = 05C6F44024DE0402007B18CB /* VisibilitySlider.swift */; };
		05C6F44324DE98D9007B18CB /* PlaygroundView.swift in Sources */ = {isa = PBXBuildFile; fileRef = 05C6F44224DE98D9007B18CB /* PlaygroundView.swift */; };
		05CCF26924CCC80C007561E5 /* MonumentsView.swift in Sources */ = {isa = PBXBuildFile; fileRef = 05CCF26824CCC80C007561E5 /* MonumentsView.swift */; };
		05CCF26D24CCCB0D007561E5 /* ARCLView.swift in Sources */ = {isa = PBXBuildFile; fileRef = 05CCF26C24CCCB0D007561E5 /* ARCLView.swift */; };
		05CCF26F24CCE5BA007561E5 /* LeftDrawer.swift in Sources */ = {isa = PBXBuildFile; fileRef = 05CCF26E24CCE5BA007561E5 /* LeftDrawer.swift */; };
		05CDC57524D699DF0028392F /* VisiblePOIsCounterView.swift in Sources */ = {isa = PBXBuildFile; fileRef = 05CDC57424D699DF0028392F /* VisiblePOIsCounterView.swift */; };
		05CDF702233B820F005C573E /* AnnotationView.xib in Resources */ = {isa = PBXBuildFile; fileRef = 05CDF701233B820F005C573E /* AnnotationView.xib */; };
		05CDF704233B8318005C573E /* AnnotationView.swift in Sources */ = {isa = PBXBuildFile; fileRef = 05CDF703233B8318005C573E /* AnnotationView.swift */; };
		05D271FB24D8BEE2005B7FC7 /* OvalMapViewUI.swift in Sources */ = {isa = PBXBuildFile; fileRef = 05D271FA24D8BEE2005B7FC7 /* OvalMapViewUI.swift */; };
		05D6401224D2A9450087A486 /* ControlsView.swift in Sources */ = {isa = PBXBuildFile; fileRef = 05D6401124D2A9450087A486 /* ControlsView.swift */; };
		05F6309224FD7ECC003CA589 /* DbHandler.swift in Sources */ = {isa = PBXBuildFile; fileRef = 05F6309124FD7ECC003CA589 /* DbHandler.swift */; };
		05F6309724FD9760003CA589 /* monuments.sqlite in Resources */ = {isa = PBXBuildFile; fileRef = 05F6309624FD9760003CA589 /* monuments.sqlite */; };
		05FD98992439DB6E005E36B4 /* simd_float3+Extensions.swift in Sources */ = {isa = PBXBuildFile; fileRef = 05FD98982439DB6E005E36B4 /* simd_float3+Extensions.swift */; };
		AEDAB12BBCF23C1CB2AEA6F3 /* MonumentAnnotationView.swift in Sources */ = {isa = PBXBuildFile; fileRef = AEDAB140E469FB18176C7D33 /* MonumentAnnotationView.swift */; };
		AEDABEADF6A8DA1691B750D6 /* MapViewContainer.swift in Sources */ = {isa = PBXBuildFile; fileRef = AEDAB249BDD139BE04DF02D4 /* MapViewContainer.swift */; };
		EA66A25E26CD6293000DDF8A /* DatabaseTests.swift in Sources */ = {isa = PBXBuildFile; fileRef = EA66A25D26CD6293000DDF8A /* DatabaseTests.swift */; };
/* End PBXBuildFile section */

/* Begin PBXContainerItemProxy section */
		EA66A25F26CD6293000DDF8A /* PBXContainerItemProxy */ = {
			isa = PBXContainerItemProxy;
			containerPortal = 052A874B1E22665900A3B88F /* Project object */;
			proxyType = 1;
			remoteGlobalIDString = 056025222269EBEC0055C122;
			remoteInfo = Monuments;
		};
/* End PBXContainerItemProxy section */

/* Begin PBXFileReference section */
		0517209A236713D10080A292 /* OvalMapView.swift */ = {isa = PBXFileReference; lastKnownFileType = sourcecode.swift; path = OvalMapView.swift; sourceTree = "<group>"; };
		051A4F94235F0BF4004A18D7 /* AttributedType.swift */ = {isa = PBXFileReference; fileEncoding = 4; lastKnownFileType = sourcecode.swift; path = AttributedType.swift; sourceTree = "<group>"; };
		052126B9255B170C004618B0 /* MapIcons.xcassets */ = {isa = PBXFileReference; lastKnownFileType = folder.assetcatalog; path = MapIcons.xcassets; sourceTree = "<group>"; };
		0521CF26234E1CB7008026B0 /* SettingsIcons.xcassets */ = {isa = PBXFileReference; lastKnownFileType = folder.assetcatalog; path = SettingsIcons.xcassets; sourceTree = "<group>"; };
		0521CF2C234F40DA008026B0 /* OnboardSlide.xib */ = {isa = PBXFileReference; lastKnownFileType = file.xib; path = OnboardSlide.xib; sourceTree = "<group>"; };
		0521CF2E234F4355008026B0 /* OnboardSlide.swift */ = {isa = PBXFileReference; lastKnownFileType = sourcecode.swift; path = OnboardSlide.swift; sourceTree = "<group>"; };
		0525E8BF226D05A8006B539C /* Debug.xcconfig */ = {isa = PBXFileReference; lastKnownFileType = text.xcconfig; path = Debug.xcconfig; sourceTree = "<group>"; };
		0525E8C1226D0607006B539C /* Release.xcconfig */ = {isa = PBXFileReference; lastKnownFileType = text.xcconfig; path = Release.xcconfig; sourceTree = "<group>"; };
		0525E8C3226D072D006B539C /* config.plist */ = {isa = PBXFileReference; lastKnownFileType = text.plist.xml; path = config.plist; sourceTree = "<group>"; };
		0525E8C5226D0883006B539C /* EnvironmentConfiguration.swift */ = {isa = PBXFileReference; lastKnownFileType = sourcecode.swift; path = EnvironmentConfiguration.swift; sourceTree = "<group>"; };
		052D561F25233AB9006ED1B9 /* MapViewController.swift */ = {isa = PBXFileReference; lastKnownFileType = sourcecode.swift; path = MapViewController.swift; sourceTree = "<group>"; };
		052D56242523429B006ED1B9 /* ClusterAnnotationView.swift */ = {isa = PBXFileReference; lastKnownFileType = sourcecode.swift; path = ClusterAnnotationView.swift; sourceTree = "<group>"; };
		0531B99825061EE30067C52B /* SceneDelegate.swift */ = {isa = PBXFileReference; lastKnownFileType = sourcecode.swift; path = SceneDelegate.swift; sourceTree = "<group>"; };
		0535032223460E4600A334F8 /* MonumentCategories.plist */ = {isa = PBXFileReference; fileEncoding = 4; lastKnownFileType = text.plist.xml; path = MonumentCategories.plist; sourceTree = "<group>"; };
		053AEDE82344A54700E560D7 /* MNCategory.swift */ = {isa = PBXFileReference; lastKnownFileType = sourcecode.swift; path = MNCategory.swift; sourceTree = "<group>"; };
		0542142824CF3B8B00EDC52D /* Balloon.swift */ = {isa = PBXFileReference; lastKnownFileType = sourcecode.swift; path = Balloon.swift; sourceTree = "<group>"; };
		0546752B1E28E1FE00BB370B /* MonumentTags.csv */ = {isa = PBXFileReference; fileEncoding = 4; lastKnownFileType = text; path = MonumentTags.csv; sourceTree = "<group>"; };
		054B38382684828A002F78C2 /* Playground.playground */ = {isa = PBXFileReference; lastKnownFileType = file.playground; path = Playground.playground; sourceTree = "<group>"; xcLanguageSpecificationIdentifier = xcode.lang.swift; };
		055A1C0F2333805200A58E0F /* ViaCapramozza.gpx */ = {isa = PBXFileReference; lastKnownFileType = text.xml; path = ViaCapramozza.gpx; sourceTree = "<group>"; };
		055B2CEC24DB1B0F008C7535 /* SettingsView.swift */ = {isa = PBXFileReference; lastKnownFileType = sourcecode.swift; path = SettingsView.swift; sourceTree = "<group>"; };
		056025232269EBEC0055C122 /* Monuments.app */ = {isa = PBXFileReference; explicitFileType = wrapper.application; includeInIndex = 0; path = Monuments.app; sourceTree = BUILT_PRODUCTS_DIR; };
		056025252269EBEC0055C122 /* AppDelegate.swift */ = {isa = PBXFileReference; lastKnownFileType = sourcecode.swift; path = AppDelegate.swift; sourceTree = "<group>"; };
		0560252C2269EBEE0055C122 /* Assets.xcassets */ = {isa = PBXFileReference; lastKnownFileType = folder.assetcatalog; path = Assets.xcassets; sourceTree = "<group>"; };
		0560252F2269EBEE0055C122 /* Base */ = {isa = PBXFileReference; lastKnownFileType = file.storyboard; name = Base; path = Base.lproj/LaunchScreen.storyboard; sourceTree = "<group>"; };
		056025452269EBEE0055C122 /* MonumentsUITests.swift */ = {isa = PBXFileReference; lastKnownFileType = sourcecode.swift; path = MonumentsUITests.swift; sourceTree = "<group>"; };
		05666D012173ED550058B533 /* .swiftlint.yml */ = {isa = PBXFileReference; lastKnownFileType = text; path = .swiftlint.yml; sourceTree = "<group>"; };
		05672BDD2269F15500935E8D /* TrajanPro-Regular.ttf */ = {isa = PBXFileReference; lastKnownFileType = file; name = "TrajanPro-Regular.ttf"; path = "Monuments/Support Files/Fonts/TrajanPro-Regular.ttf"; sourceTree = SOURCE_ROOT; };
		05672BE82269F2C900935E8D /* Global.swift */ = {isa = PBXFileReference; fileEncoding = 4; lastKnownFileType = sourcecode.swift; path = Global.swift; sourceTree = "<group>"; };
		05672BEC2269F2D300935E8D /* MNLocationNode.swift */ = {isa = PBXFileReference; fileEncoding = 4; lastKnownFileType = sourcecode.swift; path = MNLocationNode.swift; sourceTree = "<group>"; };
		05672BF62269F2FA00935E8D /* Extensions.swift */ = {isa = PBXFileReference; fileEncoding = 4; lastKnownFileType = sourcecode.swift; path = Extensions.swift; sourceTree = "<group>"; };
		05672C082269F36E00935E8D /* Info.plist */ = {isa = PBXFileReference; fileEncoding = 4; lastKnownFileType = text.plist.xml; path = Info.plist; sourceTree = "<group>"; };
		0569FFE72455D17A004BDEBB /* Protocols.swift */ = {isa = PBXFileReference; lastKnownFileType = sourcecode.swift; path = Protocols.swift; sourceTree = "<group>"; };
		05790DB824E0010F00412CDF /* Utils.swift */ = {isa = PBXFileReference; lastKnownFileType = sourcecode.swift; path = Utils.swift; sourceTree = "<group>"; };
		05790DBA24E0070100412CDF /* UserSettings.swift */ = {isa = PBXFileReference; lastKnownFileType = sourcecode.swift; path = UserSettings.swift; sourceTree = "<group>"; };
		05790DBC24E00E2100412CDF /* RightDrawer.swift */ = {isa = PBXFileReference; lastKnownFileType = sourcecode.swift; path = RightDrawer.swift; sourceTree = "<group>"; };
		05790DC524E0237C00412CDF /* en */ = {isa = PBXFileReference; lastKnownFileType = text.plist.strings; name = en; path = en.lproj/Localizable.strings; sourceTree = "<group>"; };
		05790DC724E0238000412CDF /* it */ = {isa = PBXFileReference; lastKnownFileType = text.plist.strings; name = it; path = it.lproj/Localizable.strings; sourceTree = "<group>"; };
		057BFAE8233CB23B003350E0 /* AnnotationIcons.xcassets */ = {isa = PBXFileReference; lastKnownFileType = folder.assetcatalog; path = AnnotationIcons.xcassets; sourceTree = "<group>"; };
		0589882825165D7E00AA3CA3 /* AsyncImageLoader.swift */ = {isa = PBXFileReference; lastKnownFileType = sourcecode.swift; path = AsyncImageLoader.swift; sourceTree = "<group>"; };
		059049B324D43B7600BF5445 /* CreditsView.swift */ = {isa = PBXFileReference; lastKnownFileType = sourcecode.swift; path = CreditsView.swift; sourceTree = "<group>"; };
		0592338E1EF93D6200264267 /* Info_credits.rtf */ = {isa = PBXFileReference; fileEncoding = 4; lastKnownFileType = text.rtf; path = Info_credits.rtf; sourceTree = "<group>"; };
		0597C7D2250125570044865E /* Monument.swift */ = {isa = PBXFileReference; lastKnownFileType = sourcecode.swift; path = Monument.swift; sourceTree = "<group>"; };
		0598E5372350C3B700D96F0C /* OnboardViewController.swift */ = {isa = PBXFileReference; lastKnownFileType = sourcecode.swift; path = OnboardViewController.swift; sourceTree = "<group>"; };
		05AFB9771FCC6AAA0073C42B /* BolognaLocation.gpx */ = {isa = PBXFileReference; lastKnownFileType = text.xml; path = BolognaLocation.gpx; sourceTree = "<group>"; };
		05B1D08423462506003BC3ED /* it */ = {isa = PBXFileReference; lastKnownFileType = text.plist.strings; name = it; path = it.lproj/LaunchScreen.strings; sourceTree = "<group>"; };
		05B3FE852349DCF1002D1C5C /* StringExtensions.swift */ = {isa = PBXFileReference; lastKnownFileType = sourcecode.swift; path = StringExtensions.swift; sourceTree = "<group>"; };
		05BCFB2623325E3800FB9E7B /* ScalingScheme.swift */ = {isa = PBXFileReference; fileEncoding = 4; lastKnownFileType = sourcecode.swift; path = ScalingScheme.swift; sourceTree = "<group>"; };
		05BCFB2723325E3800FB9E7B /* LocationNode.swift */ = {isa = PBXFileReference; fileEncoding = 4; lastKnownFileType = sourcecode.swift; path = LocationNode.swift; sourceTree = "<group>"; };
		05BCFB2823325E3800FB9E7B /* PolylineNode.swift */ = {isa = PBXFileReference; fileEncoding = 4; lastKnownFileType = sourcecode.swift; path = PolylineNode.swift; sourceTree = "<group>"; };
		05BCFB2923325E3800FB9E7B /* LocationAnnotationNode.swift */ = {isa = PBXFileReference; fileEncoding = 4; lastKnownFileType = sourcecode.swift; path = LocationAnnotationNode.swift; sourceTree = "<group>"; };
		05BCFB2A23325E3800FB9E7B /* SceneLocationView+ARSCNViewDelegate.swift */ = {isa = PBXFileReference; fileEncoding = 4; lastKnownFileType = sourcecode.swift; path = "SceneLocationView+ARSCNViewDelegate.swift"; sourceTree = "<group>"; };
		05BCFB2C23325E3800FB9E7B /* SceneLocationEstimate.swift */ = {isa = PBXFileReference; fileEncoding = 4; lastKnownFileType = sourcecode.swift; path = SceneLocationEstimate.swift; sourceTree = "<group>"; };
		05BCFB2D23325E3800FB9E7B /* SceneLocationEstimate+Extensions.swift */ = {isa = PBXFileReference; fileEncoding = 4; lastKnownFileType = sourcecode.swift; path = "SceneLocationEstimate+Extensions.swift"; sourceTree = "<group>"; };
		05BCFB2E23325E3800FB9E7B /* SceneLocationManager.swift */ = {isa = PBXFileReference; fileEncoding = 4; lastKnownFileType = sourcecode.swift; path = SceneLocationManager.swift; sourceTree = "<group>"; };
		05BCFB2F23325E3800FB9E7B /* LocationManager.swift */ = {isa = PBXFileReference; fileEncoding = 4; lastKnownFileType = sourcecode.swift; path = LocationManager.swift; sourceTree = "<group>"; };
		05BCFB3123325E3800FB9E7B /* SCNVector3+Extensions.swift */ = {isa = PBXFileReference; fileEncoding = 4; lastKnownFileType = sourcecode.swift; path = "SCNVector3+Extensions.swift"; sourceTree = "<group>"; };
		05BCFB3223325E3800FB9E7B /* FloatingPoint+Radians.swift */ = {isa = PBXFileReference; fileEncoding = 4; lastKnownFileType = sourcecode.swift; path = "FloatingPoint+Radians.swift"; sourceTree = "<group>"; };
		05BCFB3323325E3800FB9E7B /* BaseTypes+Extensions.swift */ = {isa = PBXFileReference; fileEncoding = 4; lastKnownFileType = sourcecode.swift; path = "BaseTypes+Extensions.swift"; sourceTree = "<group>"; };
		05BCFB3423325E3800FB9E7B /* CGPoint+Extensions.swift */ = {isa = PBXFileReference; fileEncoding = 4; lastKnownFileType = sourcecode.swift; path = "CGPoint+Extensions.swift"; sourceTree = "<group>"; };
		05BCFB3523325E3800FB9E7B /* CLLocation+Extensions.swift */ = {isa = PBXFileReference; fileEncoding = 4; lastKnownFileType = sourcecode.swift; path = "CLLocation+Extensions.swift"; sourceTree = "<group>"; };
		05BCFB3623325E3800FB9E7B /* SCNNode+Extensions.swift */ = {isa = PBXFileReference; fileEncoding = 4; lastKnownFileType = sourcecode.swift; path = "SCNNode+Extensions.swift"; sourceTree = "<group>"; };
		05BCFB3723325E3800FB9E7B /* ARKit_CoreLocation.swift */ = {isa = PBXFileReference; fileEncoding = 4; lastKnownFileType = sourcecode.swift; path = ARKit_CoreLocation.swift; sourceTree = "<group>"; };
		05BCFB3823325E3800FB9E7B /* SceneLocationView.swift */ = {isa = PBXFileReference; fileEncoding = 4; lastKnownFileType = sourcecode.swift; path = SceneLocationView.swift; sourceTree = "<group>"; };
		05BCFB3923325E3800FB9E7B /* SceneLocationViewEstimateDelegate.swift */ = {isa = PBXFileReference; fileEncoding = 4; lastKnownFileType = sourcecode.swift; path = SceneLocationViewEstimateDelegate.swift; sourceTree = "<group>"; };
		05C01CD124B441F900ADB026 /* WikipediaDetailView.swift */ = {isa = PBXFileReference; lastKnownFileType = sourcecode.swift; path = WikipediaDetailView.swift; sourceTree = "<group>"; };
		05C6C03724D1960A00F1C31C /* Constants.swift */ = {isa = PBXFileReference; lastKnownFileType = sourcecode.swift; path = Constants.swift; sourceTree = "<group>"; };
		05C6F44024DE0402007B18CB /* VisibilitySlider.swift */ = {isa = PBXFileReference; lastKnownFileType = sourcecode.swift; path = VisibilitySlider.swift; sourceTree = "<group>"; };
		05C6F44224DE98D9007B18CB /* PlaygroundView.swift */ = {isa = PBXFileReference; lastKnownFileType = sourcecode.swift; path = PlaygroundView.swift; sourceTree = "<group>"; };
		05CCF26824CCC80C007561E5 /* MonumentsView.swift */ = {isa = PBXFileReference; lastKnownFileType = sourcecode.swift; path = MonumentsView.swift; sourceTree = "<group>"; };
		05CCF26C24CCCB0D007561E5 /* ARCLView.swift */ = {isa = PBXFileReference; lastKnownFileType = sourcecode.swift; path = ARCLView.swift; sourceTree = "<group>"; };
		05CCF26E24CCE5BA007561E5 /* LeftDrawer.swift */ = {isa = PBXFileReference; lastKnownFileType = sourcecode.swift; path = LeftDrawer.swift; sourceTree = "<group>"; };
		05CDC57424D699DF0028392F /* VisiblePOIsCounterView.swift */ = {isa = PBXFileReference; lastKnownFileType = sourcecode.swift; path = VisiblePOIsCounterView.swift; sourceTree = "<group>"; };
		05CDF701233B820F005C573E /* AnnotationView.xib */ = {isa = PBXFileReference; lastKnownFileType = file.xib; path = AnnotationView.xib; sourceTree = "<group>"; };
		05CDF703233B8318005C573E /* AnnotationView.swift */ = {isa = PBXFileReference; lastKnownFileType = sourcecode.swift; path = AnnotationView.swift; sourceTree = "<group>"; };
		05D271FA24D8BEE2005B7FC7 /* OvalMapViewUI.swift */ = {isa = PBXFileReference; lastKnownFileType = sourcecode.swift; path = OvalMapViewUI.swift; sourceTree = "<group>"; };
		05D6401124D2A9450087A486 /* ControlsView.swift */ = {isa = PBXFileReference; lastKnownFileType = sourcecode.swift; path = ControlsView.swift; sourceTree = "<group>"; };
		05E265411F6A8A1600F98222 /* Monuments.csv */ = {isa = PBXFileReference; lastKnownFileType = text; path = Monuments.csv; sourceTree = "<group>"; };
		05F6309124FD7ECC003CA589 /* DbHandler.swift */ = {isa = PBXFileReference; lastKnownFileType = sourcecode.swift; path = DbHandler.swift; sourceTree = "<group>"; };
		05F6309624FD9760003CA589 /* monuments.sqlite */ = {isa = PBXFileReference; lastKnownFileType = file; name = monuments.sqlite; path = "Monuments/Support Files/monuments.sqlite"; sourceTree = SOURCE_ROOT; };
		05FD98982439DB6E005E36B4 /* simd_float3+Extensions.swift */ = {isa = PBXFileReference; lastKnownFileType = sourcecode.swift; path = "simd_float3+Extensions.swift"; sourceTree = "<group>"; };
		AEDAB140E469FB18176C7D33 /* MonumentAnnotationView.swift */ = {isa = PBXFileReference; fileEncoding = 4; lastKnownFileType = sourcecode.swift; path = MonumentAnnotationView.swift; sourceTree = "<group>"; };
		AEDAB249BDD139BE04DF02D4 /* MapViewContainer.swift */ = {isa = PBXFileReference; fileEncoding = 4; lastKnownFileType = sourcecode.swift; path = MapViewContainer.swift; sourceTree = "<group>"; };
		EA66A25B26CD6293000DDF8A /* DatabaseTests.xctest */ = {isa = PBXFileReference; explicitFileType = wrapper.cfbundle; includeInIndex = 0; path = DatabaseTests.xctest; sourceTree = BUILT_PRODUCTS_DIR; };
		EA66A25D26CD6293000DDF8A /* DatabaseTests.swift */ = {isa = PBXFileReference; lastKnownFileType = sourcecode.swift; path = DatabaseTests.swift; sourceTree = "<group>"; };
/* End PBXFileReference section */

/* Begin PBXFrameworksBuildPhase section */
		056025202269EBEC0055C122 /* Frameworks */ = {
			isa = PBXFrameworksBuildPhase;
			buildActionMask = 2147483647;
			files = (
				052126B5255B0BCE004618B0 /* SwiftyBeaver in Frameworks */,
			);
			runOnlyForDeploymentPostprocessing = 0;
		};
		EA66A25826CD6293000DDF8A /* Frameworks */ = {
			isa = PBXFrameworksBuildPhase;
			buildActionMask = 2147483647;
			files = (
			);
			runOnlyForDeploymentPostprocessing = 0;
		};
/* End PBXFrameworksBuildPhase section */

/* Begin PBXGroup section */
		051A4F93235F0BF4004A18D7 /* Util */ = {
			isa = PBXGroup;
			children = (
				051A4F94235F0BF4004A18D7 /* AttributedType.swift */,
			);
			path = Util;
			sourceTree = "<group>";
		};
		052A874A1E22665900A3B88F = {
			isa = PBXGroup;
			children = (
				056025242269EBEC0055C122 /* Monuments */,
				056025442269EBEE0055C122 /* MonumentsUITests */,
				EA66A25C26CD6293000DDF8A /* MonumentsTests */,
				052A87541E22665900A3B88F /* Products */,
				05F7D53F1E2507DE0029A75F /* Frameworks */,
			);
			sourceTree = "<group>";
		};
		052A87541E22665900A3B88F /* Products */ = {
			isa = PBXGroup;
			children = (
				056025232269EBEC0055C122 /* Monuments.app */,
				EA66A25B26CD6293000DDF8A /* DatabaseTests.xctest */,
			);
			name = Products;
			sourceTree = "<group>";
		};
		0539601524D1E0FD00789D58 /* View Molecules */ = {
			isa = PBXGroup;
			children = (
				0542142824CF3B8B00EDC52D /* Balloon.swift */,
				05CDC57424D699DF0028392F /* VisiblePOIsCounterView.swift */,
				05D6401124D2A9450087A486 /* ControlsView.swift */,
			);
			path = "View Molecules";
			sourceTree = "<group>";
		};
		0539601624D1E11900789D58 /* View Groups */ = {
			isa = PBXGroup;
			children = (
				05C01CD124B441F900ADB026 /* WikipediaDetailView.swift */,
				05CCF26E24CCE5BA007561E5 /* LeftDrawer.swift */,
				05790DBC24E00E2100412CDF /* RightDrawer.swift */,
				05C6F44024DE0402007B18CB /* VisibilitySlider.swift */,
				05D271FA24D8BEE2005B7FC7 /* OvalMapViewUI.swift */,
				059049B324D43B7600BF5445 /* CreditsView.swift */,
			);
			path = "View Groups";
			sourceTree = "<group>";
		};
		0546752D1E28E20900BB370B /* Support Files */ = {
			isa = PBXGroup;
			children = (
				05B1D082234623BC003BC3ED /* Localization Files */,
				05666D012173ED550058B533 /* .swiftlint.yml */,
				0592338E1EF93D6200264267 /* Info_credits.rtf */,
				05F6309624FD9760003CA589 /* monuments.sqlite */,
				05AFB9771FCC6AAA0073C42B /* BolognaLocation.gpx */,
				055A1C0F2333805200A58E0F /* ViaCapramozza.gpx */,
				054F1A0924436CAC00EC3F49 /* Fonts */,
				05E265411F6A8A1600F98222 /* Monuments.csv */,
				0535032223460E4600A334F8 /* MonumentCategories.plist */,
				0546752B1E28E1FE00BB370B /* MonumentTags.csv */,
			);
			path = "Support Files";
			sourceTree = "<group>";
		};
		054F1A0924436CAC00EC3F49 /* Fonts */ = {
			isa = PBXGroup;
			children = (
				05672BDD2269F15500935E8D /* TrajanPro-Regular.ttf */,
			);
			path = Fonts;
			sourceTree = "<group>";
		};
		056025242269EBEC0055C122 /* Monuments */ = {
			isa = PBXGroup;
			children = (
				056025252269EBEC0055C122 /* AppDelegate.swift */,
				0531B99825061EE30067C52B /* SceneDelegate.swift */,
				05CCF26B24CCCAEE007561E5 /* View Containers */,
				0539601624D1E11900789D58 /* View Groups */,
				0539601524D1E0FD00789D58 /* View Molecules */,
				057BD657226D052900EB5BA8 /* Configuration */,
				0546752D1E28E20900BB370B /* Support Files */,
				0589882725165C9A00AA3CA3 /* Handlers */,
				05672BE62269F2B100935E8D /* Commons */,
				05672BE52269F29800935E8D /* Classes */,
				05672BE02269F20C00935E8D /* Extensions */,
				05672BD62269F07F00935E8D /* Views */,
				05672BCB2269EF8B00935E8D /* ViewControllers */,
				0560252C2269EBEE0055C122 /* Assets.xcassets */,
				057BFAE8233CB23B003350E0 /* AnnotationIcons.xcassets */,
				0521CF26234E1CB7008026B0 /* SettingsIcons.xcassets */,
				052126B9255B170C004618B0 /* MapIcons.xcassets */,
				0560252E2269EBEE0055C122 /* LaunchScreen.storyboard */,
				05672C082269F36E00935E8D /* Info.plist */,
				054B38382684828A002F78C2 /* Playground.playground */,
			);
			path = Monuments;
			sourceTree = "<group>";
		};
		056025442269EBEE0055C122 /* MonumentsUITests */ = {
			isa = PBXGroup;
			children = (
				056025452269EBEE0055C122 /* MonumentsUITests.swift */,
			);
			path = MonumentsUITests;
			sourceTree = "<group>";
		};
		05672BCB2269EF8B00935E8D /* ViewControllers */ = {
			isa = PBXGroup;
			children = (
				0598E5372350C3B700D96F0C /* OnboardViewController.swift */,
				052D561F25233AB9006ED1B9 /* MapViewController.swift */,
			);
			path = ViewControllers;
			sourceTree = "<group>";
		};
		05672BD62269F07F00935E8D /* Views */ = {
			isa = PBXGroup;
			children = (
				05CDF701233B820F005C573E /* AnnotationView.xib */,
				05CDF703233B8318005C573E /* AnnotationView.swift */,
				0521CF2C234F40DA008026B0 /* OnboardSlide.xib */,
				0517209A236713D10080A292 /* OvalMapView.swift */,
				0521CF2E234F4355008026B0 /* OnboardSlide.swift */,
			);
			path = Views;
			sourceTree = "<group>";
		};
		05672BE02269F20C00935E8D /* Extensions */ = {
			isa = PBXGroup;
			children = (
				05672BF62269F2FA00935E8D /* Extensions.swift */,
			);
			path = Extensions;
			sourceTree = "<group>";
		};
		05672BE52269F29800935E8D /* Classes */ = {
			isa = PBXGroup;
			children = (
				053AEDE82344A54700E560D7 /* MNCategory.swift */,
				052D56242523429B006ED1B9 /* ClusterAnnotationView.swift */,
				05672BEC2269F2D300935E8D /* MNLocationNode.swift */,
				05B3FE852349DCF1002D1C5C /* StringExtensions.swift */,
				AEDAB140E469FB18176C7D33 /* MonumentAnnotationView.swift */,
			);
			path = Classes;
			sourceTree = "<group>";
		};
		05672BE62269F2B100935E8D /* Commons */ = {
			isa = PBXGroup;
			children = (
				05672BE82269F2C900935E8D /* Global.swift */,
				05790DB824E0010F00412CDF /* Utils.swift */,
				0569FFE72455D17A004BDEBB /* Protocols.swift */,
				05790DBA24E0070100412CDF /* UserSettings.swift */,
				05C6C03724D1960A00F1C31C /* Constants.swift */,
				0597C7D2250125570044865E /* Monument.swift */,
			);
			path = Commons;
			sourceTree = "<group>";
		};
		057BD657226D052900EB5BA8 /* Configuration */ = {
			isa = PBXGroup;
			children = (
				0525E8C5226D0883006B539C /* EnvironmentConfiguration.swift */,
				0525E8C3226D072D006B539C /* config.plist */,
				0525E8C1226D0607006B539C /* Release.xcconfig */,
				0525E8BF226D05A8006B539C /* Debug.xcconfig */,
			);
			path = Configuration;
			sourceTree = "<group>";
		};
		0589882725165C9A00AA3CA3 /* Handlers */ = {
			isa = PBXGroup;
			children = (
				05F6309124FD7ECC003CA589 /* DbHandler.swift */,
				0589882825165D7E00AA3CA3 /* AsyncImageLoader.swift */,
			);
			path = Handlers;
			sourceTree = "<group>";
		};
		05B1D082234623BC003BC3ED /* Localization Files */ = {
			isa = PBXGroup;
			children = (
				05790DC624E0237C00412CDF /* Localizable.strings */,
			);
			path = "Localization Files";
			sourceTree = "<group>";
		};
		05BCFB2423325E3800FB9E7B /* ARKit-CoreLocation */ = {
			isa = PBXGroup;
			children = (
				051A4F93235F0BF4004A18D7 /* Util */,
				05BCFB2523325E3800FB9E7B /* Nodes */,
				05BCFB2A23325E3800FB9E7B /* SceneLocationView+ARSCNViewDelegate.swift */,
				05BCFB2B23325E3800FB9E7B /* Location Manager */,
				05BCFB3023325E3800FB9E7B /* Extensions */,
				05BCFB3723325E3800FB9E7B /* ARKit_CoreLocation.swift */,
				05BCFB3823325E3800FB9E7B /* SceneLocationView.swift */,
				05BCFB3923325E3800FB9E7B /* SceneLocationViewEstimateDelegate.swift */,
			);
			name = "ARKit-CoreLocation";
			path = "Frameworks/ARKit-CoreLocation/Sources/ARKit-CoreLocation";
			sourceTree = "<group>";
		};
		05BCFB2523325E3800FB9E7B /* Nodes */ = {
			isa = PBXGroup;
			children = (
				05BCFB2623325E3800FB9E7B /* ScalingScheme.swift */,
				05BCFB2723325E3800FB9E7B /* LocationNode.swift */,
				05BCFB2823325E3800FB9E7B /* PolylineNode.swift */,
				05BCFB2923325E3800FB9E7B /* LocationAnnotationNode.swift */,
			);
			path = Nodes;
			sourceTree = "<group>";
		};
		05BCFB2B23325E3800FB9E7B /* Location Manager */ = {
			isa = PBXGroup;
			children = (
				05BCFB2C23325E3800FB9E7B /* SceneLocationEstimate.swift */,
				05BCFB2D23325E3800FB9E7B /* SceneLocationEstimate+Extensions.swift */,
				05BCFB2E23325E3800FB9E7B /* SceneLocationManager.swift */,
				05BCFB2F23325E3800FB9E7B /* LocationManager.swift */,
			);
			path = "Location Manager";
			sourceTree = "<group>";
		};
		05BCFB3023325E3800FB9E7B /* Extensions */ = {
			isa = PBXGroup;
			children = (
				05BCFB3123325E3800FB9E7B /* SCNVector3+Extensions.swift */,
				05BCFB3223325E3800FB9E7B /* FloatingPoint+Radians.swift */,
				05BCFB3323325E3800FB9E7B /* BaseTypes+Extensions.swift */,
				05BCFB3423325E3800FB9E7B /* CGPoint+Extensions.swift */,
				05FD98982439DB6E005E36B4 /* simd_float3+Extensions.swift */,
				05BCFB3523325E3800FB9E7B /* CLLocation+Extensions.swift */,
				05BCFB3623325E3800FB9E7B /* SCNNode+Extensions.swift */,
			);
			path = Extensions;
			sourceTree = "<group>";
		};
		05CCF26B24CCCAEE007561E5 /* View Containers */ = {
			isa = PBXGroup;
			children = (
				05CCF26824CCC80C007561E5 /* MonumentsView.swift */,
				05CCF26C24CCCB0D007561E5 /* ARCLView.swift */,
				055B2CEC24DB1B0F008C7535 /* SettingsView.swift */,
				05C6F44224DE98D9007B18CB /* PlaygroundView.swift */,
				AEDAB249BDD139BE04DF02D4 /* MapViewContainer.swift */,
			);
			path = "View Containers";
			sourceTree = "<group>";
		};
		05F7D53F1E2507DE0029A75F /* Frameworks */ = {
			isa = PBXGroup;
			children = (
				05BCFB2423325E3800FB9E7B /* ARKit-CoreLocation */,
			);
			name = Frameworks;
			sourceTree = "<group>";
		};
		EA66A25C26CD6293000DDF8A /* MonumentsTests */ = {
			isa = PBXGroup;
			children = (
				EA66A25D26CD6293000DDF8A /* DatabaseTests.swift */,
			);
			path = MonumentsTests;
			sourceTree = "<group>";
		};
/* End PBXGroup section */

/* Begin PBXNativeTarget section */
		056025222269EBEC0055C122 /* Monuments */ = {
			isa = PBXNativeTarget;
			buildConfigurationList = 056025482269EBEE0055C122 /* Build configuration list for PBXNativeTarget "Monuments" */;
			buildPhases = (
				0560251F2269EBEC0055C122 /* Sources */,
				056025202269EBEC0055C122 /* Frameworks */,
				056025212269EBEC0055C122 /* Resources */,
				05672C2F2269F66A00935E8D /* ShellScript */,
			);
			buildRules = (
			);
			dependencies = (
			);
			name = Monuments;
			packageProductDependencies = (
				0599411F234672CB008BAA3B /* SwiftyBeaver */,
			);
			productName = Monuments;
			productReference = 056025232269EBEC0055C122 /* Monuments.app */;
			productType = "com.apple.product-type.application";
		};
		EA66A25A26CD6293000DDF8A /* DatabaseTests */ = {
			isa = PBXNativeTarget;
			buildConfigurationList = EA66A26126CD6293000DDF8A /* Build configuration list for PBXNativeTarget "DatabaseTests" */;
			buildPhases = (
				EA66A25726CD6293000DDF8A /* Sources */,
				EA66A25826CD6293000DDF8A /* Frameworks */,
				EA66A25926CD6293000DDF8A /* Resources */,
			);
			buildRules = (
			);
			dependencies = (
				EA66A26026CD6293000DDF8A /* PBXTargetDependency */,
			);
			name = DatabaseTests;
			productName = MonumentsTests;
			productReference = EA66A25B26CD6293000DDF8A /* DatabaseTests.xctest */;
			productType = "com.apple.product-type.bundle.unit-test";
		};
/* End PBXNativeTarget section */

/* Begin PBXProject section */
		052A874B1E22665900A3B88F /* Project object */ = {
			isa = PBXProject;
			attributes = {
				DefaultBuildSystemTypeForWorkspace = Original;
				LastSwiftUpdateCheck = 1300;
				LastUpgradeCheck = 1200;
				ORGANIZATIONNAME = "Jacopo Gasparetto";
				TargetAttributes = {
					056025222269EBEC0055C122 = {
						CreatedOnToolsVersion = 10.2.1;
					};
					EA66A25A26CD6293000DDF8A = {
						CreatedOnToolsVersion = 13.0;
						TestTargetID = 056025222269EBEC0055C122;
					};
				};
			};
			buildConfigurationList = 052A874E1E22665900A3B88F /* Build configuration list for PBXProject "Monuments" */;
			compatibilityVersion = "Xcode 9.3";
			developmentRegion = en;
			hasScannedForEncodings = 0;
			knownRegions = (
				en,
				Base,
				it,
			);
			mainGroup = 052A874A1E22665900A3B88F;
			packageReferences = (
				0599411E234672CB008BAA3B /* XCRemoteSwiftPackageReference "SwiftyBeaver" */,
			);
			productRefGroup = 052A87541E22665900A3B88F /* Products */;
			projectDirPath = "";
			projectRoot = "";
			targets = (
				056025222269EBEC0055C122 /* Monuments */,
				EA66A25A26CD6293000DDF8A /* DatabaseTests */,
			);
		};
/* End PBXProject section */

/* Begin PBXResourcesBuildPhase section */
		056025212269EBEC0055C122 /* Resources */ = {
			isa = PBXResourcesBuildPhase;
			buildActionMask = 2147483647;
			files = (
				05790DC424E0237C00412CDF /* Localizable.strings in Resources */,
				0535032323460E4600A334F8 /* MonumentCategories.plist in Resources */,
				056025302269EBEE0055C122 /* LaunchScreen.storyboard in Resources */,
				05F6309724FD9760003CA589 /* monuments.sqlite in Resources */,
				0560252D2269EBEE0055C122 /* Assets.xcassets in Resources */,
				0521CF27234E1CB7008026B0 /* SettingsIcons.xcassets in Resources */,
				054F1A0A24436D3900EC3F49 /* TrajanPro-Regular.ttf in Resources */,
				052126BA255B170C004618B0 /* MapIcons.xcassets in Resources */,
				05CDF702233B820F005C573E /* AnnotationView.xib in Resources */,
				0521CF2D234F40DA008026B0 /* OnboardSlide.xib in Resources */,
				05672BBB2269ECF500935E8D /* Info_credits.rtf in Resources */,
				057BFAE9233CB23B003350E0 /* AnnotationIcons.xcassets in Resources */,
				05672BBD2269ECF500935E8D /* Monuments.csv in Resources */,
				0525E8C4226D072D006B539C /* config.plist in Resources */,
				05672BBE2269ECF500935E8D /* MonumentTags.csv in Resources */,
			);
			runOnlyForDeploymentPostprocessing = 0;
		};
		EA66A25926CD6293000DDF8A /* Resources */ = {
			isa = PBXResourcesBuildPhase;
			buildActionMask = 2147483647;
			files = (
			);
			runOnlyForDeploymentPostprocessing = 0;
		};
/* End PBXResourcesBuildPhase section */

/* Begin PBXShellScriptBuildPhase section */
		05672C2F2269F66A00935E8D /* ShellScript */ = {
			isa = PBXShellScriptBuildPhase;
			buildActionMask = 2147483647;
			files = (
			);
			inputFileListPaths = (
			);
			inputPaths = (
			);
			outputFileListPaths = (
			);
			outputPaths = (
			);
			runOnlyForDeploymentPostprocessing = 0;
			shellPath = /bin/sh;
			shellScript = "# Type a script or drag a script file from your workspace to insert its path.\n# /usr/local/bin/carthage copy-frameworks\n";
		};
/* End PBXShellScriptBuildPhase section */

/* Begin PBXSourcesBuildPhase section */
		0560251F2269EBEC0055C122 /* Sources */ = {
			isa = PBXSourcesBuildPhase;
			buildActionMask = 2147483647;
			files = (
				05BCFB4723325E3800FB9E7B /* CLLocation+Extensions.swift in Sources */,
				05CCF26D24CCCB0D007561E5 /* ARCLView.swift in Sources */,
				05790DB924E0010F00412CDF /* Utils.swift in Sources */,
				05BCFB4623325E3800FB9E7B /* CGPoint+Extensions.swift in Sources */,
				05BCFB4023325E3800FB9E7B /* SceneLocationEstimate+Extensions.swift in Sources */,
				0589882925165D7F00AA3CA3 /* AsyncImageLoader.swift in Sources */,
				05672BEA2269F2C900935E8D /* Global.swift in Sources */,
				055B2CED24DB1B0F008C7535 /* SettingsView.swift in Sources */,
				05C6F44124DE0403007B18CB /* VisibilitySlider.swift in Sources */,
				05F6309224FD7ECC003CA589 /* DbHandler.swift in Sources */,
				0531B99925061EE30067C52B /* SceneDelegate.swift in Sources */,
				05672BEE2269F2D300935E8D /* MNLocationNode.swift in Sources */,
				0517209B236713D10080A292 /* OvalMapView.swift in Sources */,
				053AEDE92344A54700E560D7 /* MNCategory.swift in Sources */,
				05BCFB4123325E3800FB9E7B /* SceneLocationManager.swift in Sources */,
				05BCFB4923325E3800FB9E7B /* ARKit_CoreLocation.swift in Sources */,
				05C6C03824D1960A00F1C31C /* Constants.swift in Sources */,
				05D271FB24D8BEE2005B7FC7 /* OvalMapViewUI.swift in Sources */,
				05BCFB3C23325E3800FB9E7B /* PolylineNode.swift in Sources */,
				0569FFE82455D17A004BDEBB /* Protocols.swift in Sources */,
				05BCFB4523325E3800FB9E7B /* BaseTypes+Extensions.swift in Sources */,
				0521CF2F234F4355008026B0 /* OnboardSlide.swift in Sources */,
				05BCFB4823325E3800FB9E7B /* SCNNode+Extensions.swift in Sources */,
				05BCFB4223325E3800FB9E7B /* LocationManager.swift in Sources */,
				05B3FE862349DCF1002D1C5C /* StringExtensions.swift in Sources */,
				05BCFB4323325E3800FB9E7B /* SCNVector3+Extensions.swift in Sources */,
				05BCFB4423325E3800FB9E7B /* FloatingPoint+Radians.swift in Sources */,
				056025262269EBEC0055C122 /* AppDelegate.swift in Sources */,
				05790DBB24E0070100412CDF /* UserSettings.swift in Sources */,
				05BCFB4B23325E3800FB9E7B /* SceneLocationViewEstimateDelegate.swift in Sources */,
				05C01CD224B441F900ADB026 /* WikipediaDetailView.swift in Sources */,
				051A4F95235F0BF5004A18D7 /* AttributedType.swift in Sources */,
				0525E8C6226D0883006B539C /* EnvironmentConfiguration.swift in Sources */,
				05790DBD24E00E2100412CDF /* RightDrawer.swift in Sources */,
				05CCF26924CCC80C007561E5 /* MonumentsView.swift in Sources */,
				052D562025233AB9006ED1B9 /* MapViewController.swift in Sources */,
				05C6F44324DE98D9007B18CB /* PlaygroundView.swift in Sources */,
				05CCF26F24CCE5BA007561E5 /* LeftDrawer.swift in Sources */,
				05672BF92269F2FA00935E8D /* Extensions.swift in Sources */,
				05D6401224D2A9450087A486 /* ControlsView.swift in Sources */,
				0542142924CF3B8B00EDC52D /* Balloon.swift in Sources */,
				052D56252523429B006ED1B9 /* ClusterAnnotationView.swift in Sources */,
				0598E5382350C3B700D96F0C /* OnboardViewController.swift in Sources */,
				05BCFB4A23325E3800FB9E7B /* SceneLocationView.swift in Sources */,
				05BCFB3D23325E3800FB9E7B /* LocationAnnotationNode.swift in Sources */,
				05CDF704233B8318005C573E /* AnnotationView.swift in Sources */,
				05FD98992439DB6E005E36B4 /* simd_float3+Extensions.swift in Sources */,
				05BCFB3F23325E3800FB9E7B /* SceneLocationEstimate.swift in Sources */,
				05BCFB3B23325E3800FB9E7B /* LocationNode.swift in Sources */,
				05BCFB3E23325E3800FB9E7B /* SceneLocationView+ARSCNViewDelegate.swift in Sources */,
				059049B424D43B7600BF5445 /* CreditsView.swift in Sources */,
				0597C7D3250125570044865E /* Monument.swift in Sources */,
				05CDC57524D699DF0028392F /* VisiblePOIsCounterView.swift in Sources */,
				05BCFB3A23325E3800FB9E7B /* ScalingScheme.swift in Sources */,
				AEDAB12BBCF23C1CB2AEA6F3 /* MonumentAnnotationView.swift in Sources */,
				AEDABEADF6A8DA1691B750D6 /* MapViewContainer.swift in Sources */,
			);
			runOnlyForDeploymentPostprocessing = 0;
		};
		EA66A25726CD6293000DDF8A /* Sources */ = {
			isa = PBXSourcesBuildPhase;
			buildActionMask = 2147483647;
			files = (
				EA66A25E26CD6293000DDF8A /* DatabaseTests.swift in Sources */,
			);
			runOnlyForDeploymentPostprocessing = 0;
		};
/* End PBXSourcesBuildPhase section */

/* Begin PBXTargetDependency section */
		EA66A26026CD6293000DDF8A /* PBXTargetDependency */ = {
			isa = PBXTargetDependency;
			target = 056025222269EBEC0055C122 /* Monuments */;
			targetProxy = EA66A25F26CD6293000DDF8A /* PBXContainerItemProxy */;
		};
/* End PBXTargetDependency section */

/* Begin PBXVariantGroup section */
		0560252E2269EBEE0055C122 /* LaunchScreen.storyboard */ = {
			isa = PBXVariantGroup;
			children = (
				0560252F2269EBEE0055C122 /* Base */,
				05B1D08423462506003BC3ED /* it */,
			);
			name = LaunchScreen.storyboard;
			sourceTree = "<group>";
		};
		05790DC624E0237C00412CDF /* Localizable.strings */ = {
			isa = PBXVariantGroup;
			children = (
				05790DC524E0237C00412CDF /* en */,
				05790DC724E0238000412CDF /* it */,
			);
			name = Localizable.strings;
			sourceTree = "<group>";
		};
/* End PBXVariantGroup section */

/* Begin XCBuildConfiguration section */
		052A877C1E22665A00A3B88F /* Debug */ = {
			isa = XCBuildConfiguration;
			buildSettings = {
				ALWAYS_SEARCH_USER_PATHS = NO;
				CLANG_ANALYZER_LOCALIZABILITY_NONLOCALIZED = YES;
				CLANG_ANALYZER_NONNULL = YES;
				CLANG_CXX_LANGUAGE_STANDARD = "gnu++0x";
				CLANG_CXX_LIBRARY = "libc++";
				CLANG_ENABLE_MODULES = YES;
				CLANG_ENABLE_OBJC_ARC = YES;
				CLANG_WARN_BLOCK_CAPTURE_AUTORELEASING = YES;
				CLANG_WARN_BOOL_CONVERSION = YES;
				CLANG_WARN_COMMA = YES;
				CLANG_WARN_CONSTANT_CONVERSION = YES;
				CLANG_WARN_DEPRECATED_OBJC_IMPLEMENTATIONS = YES;
				CLANG_WARN_DIRECT_OBJC_ISA_USAGE = YES_ERROR;
				CLANG_WARN_DOCUMENTATION_COMMENTS = YES;
				CLANG_WARN_EMPTY_BODY = YES;
				CLANG_WARN_ENUM_CONVERSION = YES;
				CLANG_WARN_INFINITE_RECURSION = YES;
				CLANG_WARN_INT_CONVERSION = YES;
				CLANG_WARN_NON_LITERAL_NULL_CONVERSION = YES;
				CLANG_WARN_OBJC_IMPLICIT_RETAIN_SELF = YES;
				CLANG_WARN_OBJC_LITERAL_CONVERSION = YES;
				CLANG_WARN_OBJC_ROOT_CLASS = YES_ERROR;
				CLANG_WARN_QUOTED_INCLUDE_IN_FRAMEWORK_HEADER = YES;
				CLANG_WARN_RANGE_LOOP_ANALYSIS = YES;
				CLANG_WARN_STRICT_PROTOTYPES = YES;
				CLANG_WARN_SUSPICIOUS_MOVE = YES;
				CLANG_WARN_UNREACHABLE_CODE = YES;
				CLANG_WARN__DUPLICATE_METHOD_MATCH = YES;
				"CODE_SIGN_IDENTITY[sdk=iphoneos*]" = "iPhone Developer";
				COPY_PHASE_STRIP = NO;
				DEBUG_INFORMATION_FORMAT = "dwarf-with-dsym";
				ENABLE_NS_ASSERTIONS = NO;
				ENABLE_STRICT_OBJC_MSGSEND = YES;
				ENABLE_TESTABILITY = YES;
				GCC_C_LANGUAGE_STANDARD = gnu99;
				GCC_NO_COMMON_BLOCKS = YES;
				GCC_WARN_64_TO_32_BIT_CONVERSION = YES;
				GCC_WARN_ABOUT_RETURN_TYPE = YES_ERROR;
				GCC_WARN_UNDECLARED_SELECTOR = YES;
				GCC_WARN_UNINITIALIZED_AUTOS = YES_AGGRESSIVE;
				GCC_WARN_UNUSED_FUNCTION = YES;
				GCC_WARN_UNUSED_VARIABLE = YES;
				IPHONEOS_DEPLOYMENT_TARGET = 13.4;
				MTL_ENABLE_DEBUG_INFO = NO;
				ONLY_ACTIVE_ARCH = YES;
				SDKROOT = iphoneos;
				SWIFT_COMPILATION_MODE = wholemodule;
				SWIFT_OPTIMIZATION_LEVEL = "-O";
				TARGETED_DEVICE_FAMILY = "1,2";
				VALIDATE_PRODUCT = YES;
			};
			name = Debug;
		};
		0560254A2269EBEE0055C122 /* Debug */ = {
			isa = XCBuildConfiguration;
			baseConfigurationReference = 0525E8BF226D05A8006B539C /* Debug.xcconfig */;
			buildSettings = {
				ASSETCATALOG_COMPILER_APPICON_NAME = AppIcon;
				CLANG_ANALYZER_NUMBER_OBJECT_CONVERSION = YES_AGGRESSIVE;
				CLANG_CXX_LANGUAGE_STANDARD = "gnu++14";
				CLANG_ENABLE_OBJC_WEAK = YES;
				CLANG_WARN_UNGUARDED_AVAILABILITY = YES_AGGRESSIVE;
				CODE_SIGN_IDENTITY = "Apple Development";
				CODE_SIGN_STYLE = Automatic;
				DEVELOPMENT_TEAM = KA7R2XVBJH;
				ENABLE_PREVIEWS = YES;
				ENABLE_TESTABILITY = YES;
				FRAMEWORK_SEARCH_PATHS = (
					"$(inherited)",
					"$(PROJECT_DIR)",
					"$(PROJECT_DIR)/Frameworks",
				);
				GCC_C_LANGUAGE_STANDARD = gnu11;
				INFOPLIST_FILE = Monuments/Info.plist;
				IPHONEOS_DEPLOYMENT_TARGET = 13.5;
				LD_RUNPATH_SEARCH_PATHS = (
					"$(inherited)",
					"@executable_path/Frameworks",
				);
				MTL_FAST_MATH = YES;
				ONLY_ACTIVE_ARCH = YES;
				PRODUCT_BUNDLE_IDENTIFIER = com.johnnyparafango.Monuments;
				PRODUCT_NAME = "$(TARGET_NAME)";
				PROVISIONING_PROFILE_SPECIFIER = "";
				SWIFT_INSTALL_OBJC_HEADER = NO;
				SWIFT_OPTIMIZATION_LEVEL = "-Onone";
				SWIFT_VERSION = 5.0;
				TARGETED_DEVICE_FAMILY = 1;
				VALIDATE_PRODUCT = NO;
			};
			name = Debug;
		};
		057BD651226CEE3900EB5BA8 /* Release */ = {
			isa = XCBuildConfiguration;
			buildSettings = {
				ALWAYS_SEARCH_USER_PATHS = NO;
				CLANG_ANALYZER_LOCALIZABILITY_NONLOCALIZED = YES;
				CLANG_ANALYZER_NONNULL = YES;
				CLANG_CXX_LANGUAGE_STANDARD = "gnu++0x";
				CLANG_CXX_LIBRARY = "libc++";
				CLANG_ENABLE_MODULES = YES;
				CLANG_ENABLE_OBJC_ARC = YES;
				CLANG_WARN_BLOCK_CAPTURE_AUTORELEASING = YES;
				CLANG_WARN_BOOL_CONVERSION = YES;
				CLANG_WARN_COMMA = YES;
				CLANG_WARN_CONSTANT_CONVERSION = YES;
				CLANG_WARN_DEPRECATED_OBJC_IMPLEMENTATIONS = YES;
				CLANG_WARN_DIRECT_OBJC_ISA_USAGE = YES_ERROR;
				CLANG_WARN_DOCUMENTATION_COMMENTS = YES;
				CLANG_WARN_EMPTY_BODY = YES;
				CLANG_WARN_ENUM_CONVERSION = YES;
				CLANG_WARN_INFINITE_RECURSION = YES;
				CLANG_WARN_INT_CONVERSION = YES;
				CLANG_WARN_NON_LITERAL_NULL_CONVERSION = YES;
				CLANG_WARN_OBJC_IMPLICIT_RETAIN_SELF = YES;
				CLANG_WARN_OBJC_LITERAL_CONVERSION = YES;
				CLANG_WARN_OBJC_ROOT_CLASS = YES_ERROR;
				CLANG_WARN_QUOTED_INCLUDE_IN_FRAMEWORK_HEADER = YES;
				CLANG_WARN_RANGE_LOOP_ANALYSIS = YES;
				CLANG_WARN_STRICT_PROTOTYPES = YES;
				CLANG_WARN_SUSPICIOUS_MOVE = YES;
				CLANG_WARN_UNREACHABLE_CODE = YES;
				CLANG_WARN__DUPLICATE_METHOD_MATCH = YES;
				"CODE_SIGN_IDENTITY[sdk=iphoneos*]" = "iPhone Developer";
				COPY_PHASE_STRIP = NO;
				DEBUG_INFORMATION_FORMAT = "dwarf-with-dsym";
				ENABLE_NS_ASSERTIONS = NO;
				ENABLE_STRICT_OBJC_MSGSEND = YES;
				GCC_C_LANGUAGE_STANDARD = gnu99;
				GCC_NO_COMMON_BLOCKS = YES;
				GCC_WARN_64_TO_32_BIT_CONVERSION = YES;
				GCC_WARN_ABOUT_RETURN_TYPE = YES_ERROR;
				GCC_WARN_UNDECLARED_SELECTOR = YES;
				GCC_WARN_UNINITIALIZED_AUTOS = YES_AGGRESSIVE;
				GCC_WARN_UNUSED_FUNCTION = YES;
				GCC_WARN_UNUSED_VARIABLE = YES;
				IPHONEOS_DEPLOYMENT_TARGET = 13.4;
				MTL_ENABLE_DEBUG_INFO = NO;
				SDKROOT = iphoneos;
				SWIFT_COMPILATION_MODE = wholemodule;
				SWIFT_OPTIMIZATION_LEVEL = "-O";
				TARGETED_DEVICE_FAMILY = "1,2";
				VALIDATE_PRODUCT = YES;
			};
			name = Release;
		};
		057BD652226CEE3900EB5BA8 /* Release */ = {
			isa = XCBuildConfiguration;
			baseConfigurationReference = 0525E8C1226D0607006B539C /* Release.xcconfig */;
			buildSettings = {
				ASSETCATALOG_COMPILER_APPICON_NAME = AppIcon;
				CLANG_ANALYZER_NUMBER_OBJECT_CONVERSION = YES_AGGRESSIVE;
				CLANG_CXX_LANGUAGE_STANDARD = "gnu++14";
				CLANG_ENABLE_OBJC_WEAK = YES;
				CLANG_WARN_UNGUARDED_AVAILABILITY = YES_AGGRESSIVE;
				CODE_SIGN_IDENTITY = "Apple Development";
				CODE_SIGN_STYLE = Automatic;
				DEVELOPMENT_TEAM = KA7R2XVBJH;
				ENABLE_PREVIEWS = YES;
				ENABLE_TESTABILITY = NO;
				FRAMEWORK_SEARCH_PATHS = (
					"$(inherited)",
					"$(PROJECT_DIR)",
					"$(PROJECT_DIR)/Frameworks",
				);
				GCC_C_LANGUAGE_STANDARD = gnu11;
				INFOPLIST_FILE = Monuments/Info.plist;
				IPHONEOS_DEPLOYMENT_TARGET = 13.5;
				LD_RUNPATH_SEARCH_PATHS = (
					"$(inherited)",
					"@executable_path/Frameworks",
				);
				MTL_FAST_MATH = YES;
				PRODUCT_BUNDLE_IDENTIFIER = com.johnnyparafango.Monuments;
				PRODUCT_NAME = "$(TARGET_NAME)";
				PROVISIONING_PROFILE_SPECIFIER = "";
				SWIFT_INSTALL_OBJC_HEADER = NO;
				SWIFT_OPTIMIZATION_LEVEL = "-Onone";
				SWIFT_VERSION = 5.0;
				TARGETED_DEVICE_FAMILY = 1;
			};
			name = Release;
		};
		EA66A26226CD6293000DDF8A /* Debug */ = {
			isa = XCBuildConfiguration;
			buildSettings = {
				BUNDLE_LOADER = "$(TEST_HOST)";
				CLANG_ANALYZER_NUMBER_OBJECT_CONVERSION = YES_AGGRESSIVE;
				CLANG_CXX_LANGUAGE_STANDARD = "gnu++17";
				CLANG_ENABLE_OBJC_WEAK = YES;
				CLANG_WARN_UNGUARDED_AVAILABILITY = YES_AGGRESSIVE;
				CODE_SIGN_STYLE = Automatic;
				CURRENT_PROJECT_VERSION = 1;
				DEBUG_INFORMATION_FORMAT = dwarf;
				DEVELOPMENT_TEAM = KA7R2XVBJH;
				GCC_C_LANGUAGE_STANDARD = gnu11;
				GCC_DYNAMIC_NO_PIC = NO;
				GCC_OPTIMIZATION_LEVEL = 0;
				GCC_PREPROCESSOR_DEFINITIONS = (
					"DEBUG=1",
					"$(inherited)",
				);
				GENERATE_INFOPLIST_FILE = YES;
				IPHONEOS_DEPLOYMENT_TARGET = 15.0;
				LD_RUNPATH_SEARCH_PATHS = (
					"$(inherited)",
					"@executable_path/Frameworks",
					"@loader_path/Frameworks",
				);
				MARKETING_VERSION = 1.0;
				MTL_ENABLE_DEBUG_INFO = INCLUDE_SOURCE;
				MTL_FAST_MATH = YES;
				PRODUCT_BUNDLE_IDENTIFIER = com.jacopogasparetto.MonumentsTests;
				PRODUCT_NAME = "$(TARGET_NAME)";
				SWIFT_ACTIVE_COMPILATION_CONDITIONS = DEBUG;
				SWIFT_EMIT_LOC_STRINGS = NO;
				SWIFT_OPTIMIZATION_LEVEL = "-Onone";
				SWIFT_VERSION = 5.0;
				TARGETED_DEVICE_FAMILY = "1,2";
				TEST_HOST = "$(BUILT_PRODUCTS_DIR)/Monuments.app/Monuments";
			};
			name = Debug;
		};
		EA66A26326CD6293000DDF8A /* Release */ = {
			isa = XCBuildConfiguration;
			buildSettings = {
				BUNDLE_LOADER = "$(TEST_HOST)";
				CLANG_ANALYZER_NUMBER_OBJECT_CONVERSION = YES_AGGRESSIVE;
				CLANG_CXX_LANGUAGE_STANDARD = "gnu++17";
				CLANG_ENABLE_OBJC_WEAK = YES;
				CLANG_WARN_UNGUARDED_AVAILABILITY = YES_AGGRESSIVE;
				CODE_SIGN_STYLE = Automatic;
				CURRENT_PROJECT_VERSION = 1;
				DEVELOPMENT_TEAM = KA7R2XVBJH;
				GCC_C_LANGUAGE_STANDARD = gnu11;
				GENERATE_INFOPLIST_FILE = YES;
				IPHONEOS_DEPLOYMENT_TARGET = 15.0;
				LD_RUNPATH_SEARCH_PATHS = (
					"$(inherited)",
					"@executable_path/Frameworks",
					"@loader_path/Frameworks",
				);
				MARKETING_VERSION = 1.0;
				MTL_FAST_MATH = YES;
				PRODUCT_BUNDLE_IDENTIFIER = com.jacopogasparetto.MonumentsTests;
				PRODUCT_NAME = "$(TARGET_NAME)";
				SWIFT_EMIT_LOC_STRINGS = NO;
				SWIFT_VERSION = 5.0;
				TARGETED_DEVICE_FAMILY = "1,2";
				TEST_HOST = "$(BUILT_PRODUCTS_DIR)/Monuments.app/Monuments";
			};
			name = Release;
		};
/* End XCBuildConfiguration section */

/* Begin XCConfigurationList section */
		052A874E1E22665900A3B88F /* Build configuration list for PBXProject "Monuments" */ = {
			isa = XCConfigurationList;
			buildConfigurations = (
				052A877C1E22665A00A3B88F /* Debug */,
				057BD651226CEE3900EB5BA8 /* Release */,
			);
			defaultConfigurationIsVisible = 0;
			defaultConfigurationName = Debug;
		};
		056025482269EBEE0055C122 /* Build configuration list for PBXNativeTarget "Monuments" */ = {
			isa = XCConfigurationList;
			buildConfigurations = (
				0560254A2269EBEE0055C122 /* Debug */,
				057BD652226CEE3900EB5BA8 /* Release */,
			);
			defaultConfigurationIsVisible = 0;
			defaultConfigurationName = Debug;
		};
		EA66A26126CD6293000DDF8A /* Build configuration list for PBXNativeTarget "DatabaseTests" */ = {
			isa = XCConfigurationList;
			buildConfigurations = (
				EA66A26226CD6293000DDF8A /* Debug */,
				EA66A26326CD6293000DDF8A /* Release */,
			);
			defaultConfigurationIsVisible = 0;
			defaultConfigurationName = Debug;
		};
/* End XCConfigurationList section */

/* Begin XCRemoteSwiftPackageReference section */
		0599411E234672CB008BAA3B /* XCRemoteSwiftPackageReference "SwiftyBeaver" */ = {
			isa = XCRemoteSwiftPackageReference;
			repositoryURL = "https://github.com/SwiftyBeaver/SwiftyBeaver.git";
			requirement = {
				kind = upToNextMajorVersion;
				minimumVersion = 1.8.2;
			};
		};
/* End XCRemoteSwiftPackageReference section */

/* Begin XCSwiftPackageProductDependency section */
		0599411F234672CB008BAA3B /* SwiftyBeaver */ = {
			isa = XCSwiftPackageProductDependency;
			package = 0599411E234672CB008BAA3B /* XCRemoteSwiftPackageReference "SwiftyBeaver" */;
			productName = SwiftyBeaver;
		};
/* End XCSwiftPackageProductDependency section */
	};
	rootObject = 052A874B1E22665900A3B88F /* Project object */;
}
